{
  "name": "@baloise/ui-library-vue",
  "version": "4.0.0-alpha.11",
  "lockfileVersion": 1,
  "requires": true,
  "dependencies": {
    "@babel/helper-validator-identifier": {
      "version": "7.12.11",
      "resolved": "https://registry.npmjs.org/@babel/helper-validator-identifier/-/helper-validator-identifier-7.12.11.tgz",
      "integrity": "sha512-np/lG3uARFybkoHokJUmf1QfEvRVCPbmQeUQpKow5cQ3xWrV9i3rUHodKDJPQfTVX61qKi+UdYk8kik84n7XOw==",
      "dev": true
    },
    "@babel/parser": {
      "version": "7.12.15",
      "resolved": "https://registry.npmjs.org/@babel/parser/-/parser-7.12.15.tgz",
      "integrity": "sha512-AQBOU2Z9kWwSZMd6lNjCX0GUgFonL1wAM1db8L8PMk9UDaGsRCArBkU4Sc+UCM3AE4hjbXx+h58Lb3QT4oRmrA==",
      "dev": true
    },
    "@babel/types": {
      "version": "7.12.13",
      "resolved": "https://registry.npmjs.org/@babel/types/-/types-7.12.13.tgz",
      "integrity": "sha512-oKrdZTld2im1z8bDwTOQvUbxKwE+854zc16qWZQlcTqMN00pWxHQ4ZeOq0yDMnisOpRykH2/5Qqcrk/OlbAjiQ==",
      "dev": true,
      "requires": {
        "@babel/helper-validator-identifier": "^7.12.11",
        "lodash": "^4.17.19",
        "to-fast-properties": "^2.0.0"
      }
    },
    "@baloise/angular-output-target": {
      "version": "1.0.5",
      "resolved": "https://registry.npmjs.org/@baloise/angular-output-target/-/angular-output-target-1.0.5.tgz",
      "integrity": "sha512-DFt6CSSofwDA9livgTADoKYKfGV0kqU/6Anq4jECN76noIwUQTNpFlQKZci0kMa3u5axiIkqVXQwqjOTHvgVOA=="
    },
    "@baloise/ui-library": {
      "version": "4.0.0-alpha.6",
      "resolved": "https://registry.npmjs.org/@baloise/ui-library/-/ui-library-4.0.0-alpha.6.tgz",
      "integrity": "sha512-QwQRo/0u6LrNPuLcJbNminZ7ADFXwK0+yYU/KHzZ5G/lQMEv+jXetk1kseWiqliL4djkcXLyNW4ALVuQey3oPQ==",
      "requires": {
        "@baloise/angular-output-target": "^1.0.5",
        "@baloise/vue-2-output-target": "^1.0.5",
        "@stencil/core": "^2.3.0",
        "@stencil/postcss": "^2.0.0",
        "@stencil/sass": "^1.4.1",
        "bulma": "^0.9.0",
        "filesize.js": "^2.0.0"
      }
    },
    "@baloise/ui-library-utils": {
      "version": "4.0.0-alpha.6",
      "resolved": "https://registry.npmjs.org/@baloise/ui-library-utils/-/ui-library-utils-4.0.0-alpha.6.tgz",
      "integrity": "sha512-XIWES8HQxxWcQsgWo0N38/MWiSs9TjdXujZ1ONbuSFGdLQOVC+LQnZWEPa5NZA3jaH5EDhEkCRKfAt9qq1HDkw=="
    },
    "@baloise/vue-2-output-target": {
      "version": "1.0.5",
      "resolved": "https://registry.npmjs.org/@baloise/vue-2-output-target/-/vue-2-output-target-1.0.5.tgz",
      "integrity": "sha512-SP29bh6n5QcWqZOsrL3g1SaKs5+T3ShAd1yzrOkxofz3puPElhONRp6o4wamu6ufkC2JMBMDTHBnmXJ4Ea24jg=="
    },
    "@stencil/core": {
      "version": "2.4.0",
      "resolved": "https://registry.npmjs.org/@stencil/core/-/core-2.4.0.tgz",
      "integrity": "sha512-gU6+Yyd6O0KrCSS/O6j8KKqmRo+/Dcs2fI0+APCpbAWK+nqhwDISpdnSEfGDCLMoAC08XOZCycBRk2K1VGnEcg=="
    },
    "@stencil/postcss": {
      "version": "2.0.0",
      "resolved": "https://registry.npmjs.org/@stencil/postcss/-/postcss-2.0.0.tgz",
      "integrity": "sha512-eTZVQEXb3AGw8A7tstKoOklV6ATXCKASs8VoykyVSYRZCjU0kECM76YgUZkzolwzEq6JG6LVwStT8xpTBSEZ+Q==",
      "requires": {
        "postcss": "~8.2.1"
      }
    },
    "@stencil/sass": {
      "version": "1.4.1",
      "resolved": "https://registry.npmjs.org/@stencil/sass/-/sass-1.4.1.tgz",
      "integrity": "sha512-aFKoqtxZ/8BRbvNFiWRycGiqvMI22Ifn5qsKfq0U23j43XD81jT6d7K0WQd55ejNpoSpdxJcbOuFgQy3mXizfA=="
    },
    "@vue/compiler-core": {
      "version": "3.0.5",
      "resolved": "https://registry.npmjs.org/@vue/compiler-core/-/compiler-core-3.0.5.tgz",
      "integrity": "sha512-iFXwk2gmU/GGwN4hpBwDWWMLvpkIejf/AybcFtlQ5V1ur+5jwfBaV0Y1RXoR6ePfBPJixtKZ3PmN+M+HgMAtfQ==",
      "dev": true,
      "requires": {
        "@babel/parser": "^7.12.0",
        "@babel/types": "^7.12.0",
        "@vue/shared": "3.0.5",
        "estree-walker": "^2.0.1",
        "source-map": "^0.6.1"
      }
    },
    "@vue/compiler-dom": {
      "version": "3.0.5",
      "resolved": "https://registry.npmjs.org/@vue/compiler-dom/-/compiler-dom-3.0.5.tgz",
      "integrity": "sha512-HSOSe2XSPuCkp20h4+HXSiPH9qkhz6YbW9z9ZtL5vef2T2PMugH7/osIFVSrRZP/Ul5twFZ7MIRlp8tPX6e4/g==",
      "dev": true,
      "requires": {
        "@vue/compiler-core": "3.0.5",
        "@vue/shared": "3.0.5"
      }
    },
    "@vue/reactivity": {
      "version": "3.0.5",
      "resolved": "https://registry.npmjs.org/@vue/reactivity/-/reactivity-3.0.5.tgz",
      "integrity": "sha512-3xodUE3sEIJgS7ntwUbopIpzzvi7vDAOjVamfb2l+v1FUg0jpd3gf62N2wggJw3fxBMr+QvyxpD+dBoxLsmAjw==",
      "dev": true,
      "requires": {
        "@vue/shared": "3.0.5"
      }
    },
    "@vue/runtime-core": {
      "version": "3.0.5",
      "resolved": "https://registry.npmjs.org/@vue/runtime-core/-/runtime-core-3.0.5.tgz",
      "integrity": "sha512-Cnyi2NqREwOLcTEsIi1DQX1hHtkVj4eGm4hBG7HhokS05DqpK4/80jG6PCCnCH9rIJDB2FqtaODX397210plXg==",
      "dev": true,
      "requires": {
        "@vue/reactivity": "3.0.5",
        "@vue/shared": "3.0.5"
      }
    },
    "@vue/runtime-dom": {
      "version": "3.0.5",
      "resolved": "https://registry.npmjs.org/@vue/runtime-dom/-/runtime-dom-3.0.5.tgz",
      "integrity": "sha512-iilX1KySeIzHHtErT6Y44db1rhWK5tAI0CiJIPr+SJoZ2jbjoOSE6ff/jfIQakchbm1d6jq6VtRVnp5xYdOXKA==",
      "dev": true,
      "requires": {
        "@vue/runtime-core": "3.0.5",
        "@vue/shared": "3.0.5",
        "csstype": "^2.6.8"
      }
    },
    "@vue/shared": {
      "version": "3.0.5",
      "resolved": "https://registry.npmjs.org/@vue/shared/-/shared-3.0.5.tgz",
      "integrity": "sha512-gYsNoGkWejBxNO6SNRjOh/xKeZ0H0V+TFzaPzODfBjkAIb0aQgBuixC1brandC/CDJy1wYPwSoYrXpvul7m6yw==",
      "dev": true
    },
    "balanced-match": {
      "version": "1.0.0",
      "resolved": "https://registry.npmjs.org/balanced-match/-/balanced-match-1.0.0.tgz",
      "integrity": "sha1-ibTRmasr7kneFk6gK4nORi1xt2c=",
      "dev": true
    },
    "brace-expansion": {
      "version": "1.1.11",
      "resolved": "https://registry.npmjs.org/brace-expansion/-/brace-expansion-1.1.11.tgz",
      "integrity": "sha512-iCuPHDFgrHX7H2vEI/5xpz07zSHB00TpugqhmYtVmMO6518mCuRMoOYFldEBl0g187ufozdaHgWKcYFb61qGiA==",
      "dev": true,
      "requires": {
        "balanced-match": "^1.0.0",
        "concat-map": "0.0.1"
      }
    },
    "bulma": {
      "version": "0.9.2",
      "resolved": "https://registry.npmjs.org/bulma/-/bulma-0.9.2.tgz",
      "integrity": "sha512-e14EF+3VSZ488yL/lJH0tR8mFWiEQVCMi/BQUMi2TGMBOk+zrDg4wryuwm/+dRSHJw0gMawp2tsW7X1JYUCE3A=="
    },
    "colorette": {
      "version": "1.2.1",
      "resolved": "https://registry.npmjs.org/colorette/-/colorette-1.2.1.tgz",
      "integrity": "sha512-puCDz0CzydiSYOrnXpz/PKd69zRrribezjtE9yd4zvytoRc8+RY/KJPvtPFKZS3E3wP6neGyMe0vOTlHO5L3Pw=="
    },
    "concat-map": {
      "version": "0.0.1",
      "resolved": "https://registry.npmjs.org/concat-map/-/concat-map-0.0.1.tgz",
      "integrity": "sha1-2Klr13/Wjfd5OnMDajug1UBdR3s=",
      "dev": true
    },
    "csstype": {
      "version": "2.6.14",
      "resolved": "https://registry.npmjs.org/csstype/-/csstype-2.6.14.tgz",
      "integrity": "sha512-2mSc+VEpGPblzAxyeR+vZhJKgYg0Og0nnRi7pmRXFYYxSfnOnW8A5wwQb4n4cE2nIOzqKOAzLCaEX6aBmNEv8A==",
      "dev": true
    },
    "estree-walker": {
      "version": "2.0.2",
      "resolved": "https://registry.npmjs.org/estree-walker/-/estree-walker-2.0.2.tgz",
      "integrity": "sha512-Rfkk/Mp/DL7JVje3u18FxFujQlTNR2q6QfMSMB7AvCBx91NGj/ba3kCfza0f6dVDbw7YlRf/nDrn7pQrCCyQ/w==",
      "dev": true
    },
    "filesize.js": {
      "version": "2.0.0",
      "resolved": "https://registry.npmjs.org/filesize.js/-/filesize.js-2.0.0.tgz",
      "integrity": "sha512-dOngzfsRfjwTQkG3UPY3GI+OqbBj4mO1UW1FoDYN2SF/p7hACKXHKGjgA62ug4KtORXcXdlEKOXrgfzt+qB2Nw=="
    },
    "fs.realpath": {
      "version": "1.0.0",
      "resolved": "https://registry.npmjs.org/fs.realpath/-/fs.realpath-1.0.0.tgz",
      "integrity": "sha1-FQStJSMVjKpA20onh8sBQRmU6k8=",
      "dev": true
    },
    "glob": {
      "version": "7.1.6",
      "resolved": "https://registry.npmjs.org/glob/-/glob-7.1.6.tgz",
      "integrity": "sha512-LwaxwyZ72Lk7vZINtNNrywX0ZuLyStrdDtabefZKAY5ZGJhVtgdznluResxNmPitE0SAO+O26sWTHeKSI2wMBA==",
      "dev": true,
      "requires": {
        "fs.realpath": "^1.0.0",
        "inflight": "^1.0.4",
        "inherits": "2",
        "minimatch": "^3.0.4",
        "once": "^1.3.0",
        "path-is-absolute": "^1.0.0"
      }
    },
    "inflight": {
      "version": "1.0.6",
      "resolved": "https://registry.npmjs.org/inflight/-/inflight-1.0.6.tgz",
      "integrity": "sha1-Sb1jMdfQLQwJvJEKEHW6gWW1bfk=",
      "dev": true,
      "requires": {
        "once": "^1.3.0",
        "wrappy": "1"
      }
    },
    "inherits": {
      "version": "2.0.4",
      "resolved": "https://registry.npmjs.org/inherits/-/inherits-2.0.4.tgz",
      "integrity": "sha512-k/vGaX4/Yla3WzyMCvTQOXYeIHvqOKtnqBduzTHpzpQZzAskKMhZ2K+EnBiSM9zGSoIFeMpXKxa4dYeZIQqewQ==",
      "dev": true
    },
    "lodash": {
      "version": "4.17.20",
      "resolved": "https://registry.npmjs.org/lodash/-/lodash-4.17.20.tgz",
      "integrity": "sha512-PlhdFcillOINfeV7Ni6oF1TAEayyZBoZ8bcshTHqOYJYlrqzRK5hagpagky5o4HfCzzd1TRkXPMFq6cKk9rGmA==",
      "dev": true
    },
    "minimatch": {
      "version": "3.0.4",
      "resolved": "https://registry.npmjs.org/minimatch/-/minimatch-3.0.4.tgz",
      "integrity": "sha512-yJHVQEhyqPLUTgt9B83PXu6W3rx4MvvHvSUvToogpwoGDOUQ+yDrR0HRot+yOCdCO7u4hX3pWft6kWBBcqh0UA==",
      "dev": true,
      "requires": {
        "brace-expansion": "^1.1.7"
      }
    },
    "nanoid": {
      "version": "3.1.20",
      "resolved": "https://registry.npmjs.org/nanoid/-/nanoid-3.1.20.tgz",
      "integrity": "sha512-a1cQNyczgKbLX9jwbS/+d7W8fX/RfgYR7lVWwWOGIPNgK2m0MWvrGF6/m4kk6U3QcFMnZf3RIhL0v2Jgh/0Uxw=="
    },
    "once": {
      "version": "1.4.0",
      "resolved": "https://registry.npmjs.org/once/-/once-1.4.0.tgz",
      "integrity": "sha1-WDsap3WWHUsROsF9nFC6753Xa9E=",
      "dev": true,
      "requires": {
        "wrappy": "1"
      }
    },
    "path-is-absolute": {
      "version": "1.0.1",
      "resolved": "https://registry.npmjs.org/path-is-absolute/-/path-is-absolute-1.0.1.tgz",
      "integrity": "sha1-F0uSaHNVNP+8es5r9TpanhtcX18=",
      "dev": true
    },
    "postcss": {
      "version": "8.2.6",
      "resolved": "https://registry.npmjs.org/postcss/-/postcss-8.2.6.tgz",
      "integrity": "sha512-xpB8qYxgPuly166AGlpRjUdEYtmOWx2iCwGmrv4vqZL9YPVviDVPZPRXxnXr6xPZOdxQ9lp3ZBFCRgWJ7LE3Sg==",
      "requires": {
        "colorette": "^1.2.1",
        "nanoid": "^3.1.20",
        "source-map": "^0.6.1"
      }
    },
    "rimraf": {
      "version": "3.0.2",
      "resolved": "https://registry.npmjs.org/rimraf/-/rimraf-3.0.2.tgz",
      "integrity": "sha512-JZkJMZkAGFFPP2YqXZXPbMlMBgsxzE8ILs4lMIX/2o0L9UBw9O/Y3o6wFw/i9YLapcUJWwqbi3kdxIPdC62TIA==",
      "dev": true,
      "requires": {
        "glob": "^7.1.3"
      }
    },
    "source-map": {
      "version": "0.6.1",
      "resolved": "https://registry.npmjs.org/source-map/-/source-map-0.6.1.tgz",
      "integrity": "sha512-UjgapumWlbMhkBgzT7Ykc5YXUT46F0iKu8SGXq0bcwP5dz/h0Plj6enJqjz1Zbq2l5WaqYnrVbwWOWMyF3F47g=="
    },
    "to-fast-properties": {
      "version": "2.0.0",
      "resolved": "https://registry.npmjs.org/to-fast-properties/-/to-fast-properties-2.0.0.tgz",
      "integrity": "sha1-3F5pjL0HkmW8c+A3doGk5Og/YW4=",
      "dev": true
    },
    "typescript": {
      "version": "4.1.4",
      "resolved": "https://registry.npmjs.org/typescript/-/typescript-4.1.4.tgz",
      "integrity": "sha512-+Uru0t8qIRgjuCpiSPpfGuhHecMllk5Zsazj5LZvVsEStEjmIRRBZe+jHjGQvsgS7M1wONy2PQXd67EMyV6acg==",
      "dev": true
    },
    "vue": {
      "version": "3.0.5",
      "resolved": "https://registry.npmjs.org/vue/-/vue-3.0.5.tgz",
      "integrity": "sha512-TfaprOmtsAfhQau7WsomXZ8d9op/dkQLNIq8qPV3A0Vxs6GR5E+c1rfJS1SDkXRQj+dFyfnec7+U0Be1huiScg==",
      "dev": true,
      "requires": {
        "@vue/compiler-dom": "3.0.5",
        "@vue/runtime-dom": "3.0.5",
        "@vue/shared": "3.0.5"
      }
    },
    "wrappy": {
      "version": "1.0.2",
      "resolved": "https://registry.npmjs.org/wrappy/-/wrappy-1.0.2.tgz",
      "integrity": "sha1-tSQ9jz7BqjXxNkYFvA0QNuMKtp8=",
      "dev": true
    }
  }
}
