{
  "name": "@baloise/ui-library-vue",
  "version": "2.3.4",
  "lockfileVersion": 1,
  "requires": true,
  "dependencies": {
    "@baloise/ui-library": {
      "version": "2.3.4",
      "resolved": "https://nexus.balgroupit.com/repository/npm/@baloise/ui-library/-/ui-library-2.3.4.tgz",
      "integrity": "sha512-wZ8ZJe5utuGGCWNfvExCO92QAZedbnt4nfJNyqhc1nY53SAKXVuGsJ4zGxCNGSRtP6v3sQHUupmzOkhBCpPO/Q==",
      "requires": {
        "@stencil/core": "^2.0.1",
        "bulma": "^0.9.0",
        "filesize.js": "^2.0.0"
      }
    },
    "@baloise/ui-library-utils": {
      "version": "2.3.4",
      "resolved": "https://nexus.balgroupit.com/repository/npm/@baloise/ui-library-utils/-/ui-library-utils-2.3.4.tgz",
      "integrity": "sha512-mBdtoCzOzocKZFbtSsAt6jtNSWAPEHz9zPIh+jLVxCT7//+HO08OTBHXK1vHM9Gz+mg10R53HxSuXm2tEdH/hw=="
    },
    "@stencil/core": {
      "version": "2.3.0",
      "resolved": "https://nexus.balgroupit.com/repository/npm/@stencil/core/-/core-2.3.0.tgz",
      "integrity": "sha512-VZ/Ox0E1kngcmHbJhHUufuLELi+xG3of3LuRI3X2AMWyE82JUVYlOEsQci/YBZWpfc9BS9I36R88prBew22oew=="
    },
    "bulma": {
      "version": "0.9.1",
      "resolved": "https://nexus.balgroupit.com/repository/npm/bulma/-/bulma-0.9.1.tgz",
      "integrity": "sha512-LSF69OumXg2HSKl2+rN0/OEXJy7WFEb681wtBlNS/ulJYR27J3rORHibdXZ6GVb/vyUzzYK/Arjyh56wjbFedA=="
    },
    "filesize.js": {
      "version": "2.0.0",
      "resolved": "https://nexus.balgroupit.com/repository/npm/filesize.js/-/filesize.js-2.0.0.tgz",
      "integrity": "sha512-dOngzfsRfjwTQkG3UPY3GI+OqbBj4mO1UW1FoDYN2SF/p7hACKXHKGjgA62ug4KtORXcXdlEKOXrgfzt+qB2Nw=="
    },
    "typescript": {
      "version": "4.0.3",
      "resolved": "https://registry.npmjs.org/typescript/-/typescript-4.0.3.tgz",
      "integrity": "sha512-tEu6DGxGgRJPb/mVPIZ48e69xCn2yRmCgYmDugAVwmJ6o+0u1RI18eO7E7WBTLYLaEVVOhwQmcdhQHweux/WPg==",
      "dev": true
    },
    "vue": {
      "version": "2.6.12",
      "resolved": "https://registry.npmjs.org/vue/-/vue-2.6.12.tgz",
      "integrity": "sha512-uhmLFETqPPNyuLLbsKz6ioJ4q7AZHzD8ZVFNATNyICSZouqP2Sz0rotWQC8UNBF6VGSCs5abnKJoStA6JbCbfg==",
      "dev": true
    }
  }
}
