{
  "name": "@baloise/ui-library-vue",
  "version": "2.0.0-alpha.1",
  "lockfileVersion": 2,
  "requires": true,
  "packages": {
    "": {
      "name": "@baloise/ui-library-vue",
      "version": "2.0.0-alpha.0",
      "license": "Apache-2.0",
      "dependencies": {
        "@baloise/ui-library": "^2.0.0-alpha.0"
      },
      "devDependencies": {
        "typescript": "^4.0.2",
        "vue": "^2.6.12"
      },
      "peerDependencies": {
        "vue": "^2.6.12"
      }
    },
    "node_modules/@baloise/ui-library": {
      "version": "2.0.0-alpha.0",
      "resolved": "https://registry.npmjs.org/@baloise/ui-library/-/ui-library-2.0.0-alpha.0.tgz",
      "integrity": "sha512-dt3h8uBHFnNqWR1pO9PUyk3eoUCLxYSIkZwskaUKQF7O+3wMtEiTpSQRdhaIIEPqgnLQSQV0FBNhUC+JZGNaNw==",
      "dependencies": {
        "@stencil/core": "^2.0.1",
        "bulma": "^0.9.0",
        "filesize.js": "^2.0.0"
      }
    },
    "node_modules/@stencil/core": {
      "version": "2.3.0",
      "resolved": "https://registry.npmjs.org/@stencil/core/-/core-2.3.0.tgz",
      "integrity": "sha512-VZ/Ox0E1kngcmHbJhHUufuLELi+xG3of3LuRI3X2AMWyE82JUVYlOEsQci/YBZWpfc9BS9I36R88prBew22oew==",
      "bin": {
        "stencil": "bin/stencil"
      },
      "engines": {
        "node": ">=12.10.0",
        "npm": ">=6.0.0"
      }
    },
    "node_modules/bulma": {
      "version": "0.9.1",
      "resolved": "https://registry.npmjs.org/bulma/-/bulma-0.9.1.tgz",
      "integrity": "sha512-LSF69OumXg2HSKl2+rN0/OEXJy7WFEb681wtBlNS/ulJYR27J3rORHibdXZ6GVb/vyUzzYK/Arjyh56wjbFedA=="
    },
    "node_modules/filesize.js": {
      "version": "2.0.0",
      "resolved": "https://registry.npmjs.org/filesize.js/-/filesize.js-2.0.0.tgz",
      "integrity": "sha512-dOngzfsRfjwTQkG3UPY3GI+OqbBj4mO1UW1FoDYN2SF/p7hACKXHKGjgA62ug4KtORXcXdlEKOXrgfzt+qB2Nw=="
    },
    "node_modules/typescript": {
      "version": "4.0.3",
      "resolved": "https://registry.npmjs.org/typescript/-/typescript-4.0.3.tgz",
      "integrity": "sha512-tEu6DGxGgRJPb/mVPIZ48e69xCn2yRmCgYmDugAVwmJ6o+0u1RI18eO7E7WBTLYLaEVVOhwQmcdhQHweux/WPg==",
      "dev": true,
      "bin": {
        "tsc": "bin/tsc",
        "tsserver": "bin/tsserver"
      },
      "engines": {
        "node": ">=4.2.0"
      }
    },
    "node_modules/vue": {
      "version": "2.6.12",
      "resolved": "https://registry.npmjs.org/vue/-/vue-2.6.12.tgz",
      "integrity": "sha512-uhmLFETqPPNyuLLbsKz6ioJ4q7AZHzD8ZVFNATNyICSZouqP2Sz0rotWQC8UNBF6VGSCs5abnKJoStA6JbCbfg==",
      "dev": true
    }
  },
  "dependencies": {
    "@baloise/ui-library": {
      "version": "2.0.0-alpha.0",
      "resolved": "https://registry.npmjs.org/@baloise/ui-library/-/ui-library-2.0.0-alpha.0.tgz",
      "integrity": "sha512-dt3h8uBHFnNqWR1pO9PUyk3eoUCLxYSIkZwskaUKQF7O+3wMtEiTpSQRdhaIIEPqgnLQSQV0FBNhUC+JZGNaNw==",
      "requires": {
        "@stencil/core": "^2.0.1",
        "bulma": "^0.9.0",
        "filesize.js": "^2.0.0"
      }
    },
    "@stencil/core": {
      "version": "2.3.0",
      "resolved": "https://registry.npmjs.org/@stencil/core/-/core-2.3.0.tgz",
      "integrity": "sha512-VZ/Ox0E1kngcmHbJhHUufuLELi+xG3of3LuRI3X2AMWyE82JUVYlOEsQci/YBZWpfc9BS9I36R88prBew22oew=="
    },
    "bulma": {
      "version": "0.9.1",
      "resolved": "https://registry.npmjs.org/bulma/-/bulma-0.9.1.tgz",
      "integrity": "sha512-LSF69OumXg2HSKl2+rN0/OEXJy7WFEb681wtBlNS/ulJYR27J3rORHibdXZ6GVb/vyUzzYK/Arjyh56wjbFedA=="
    },
    "filesize.js": {
      "version": "2.0.0",
      "resolved": "https://registry.npmjs.org/filesize.js/-/filesize.js-2.0.0.tgz",
      "integrity": "sha512-dOngzfsRfjwTQkG3UPY3GI+OqbBj4mO1UW1FoDYN2SF/p7hACKXHKGjgA62ug4KtORXcXdlEKOXrgfzt+qB2Nw=="
    },
    "typescript": {
      "version": "4.0.3",
      "resolved": "https://registry.npmjs.org/typescript/-/typescript-4.0.3.tgz",
      "integrity": "sha512-tEu6DGxGgRJPb/mVPIZ48e69xCn2yRmCgYmDugAVwmJ6o+0u1RI18eO7E7WBTLYLaEVVOhwQmcdhQHweux/WPg==",
      "dev": true
    },
    "vue": {
      "version": "2.6.12",
      "resolved": "https://registry.npmjs.org/vue/-/vue-2.6.12.tgz",
      "integrity": "sha512-uhmLFETqPPNyuLLbsKz6ioJ4q7AZHzD8ZVFNATNyICSZouqP2Sz0rotWQC8UNBF6VGSCs5abnKJoStA6JbCbfg==",
      "dev": true
    }
  }
}
