{
  "name": "@baloise/design-system-next-components-angular",
  "version": "10.22.0",
  "lockfileVersion": 2,
  "requires": true,
  "packages": {
    "": {
      "name": "@baloise/design-system-next-components-angular",
      "version": "10.21.2",
      "license": "Apache-2.0",
      "dependencies": {
        "tslib": "^2.2.0"
      },
      "peerDependencies": {
        "@angular/common": ">=12.2.16",
        "@angular/core": ">=12.2.16",
        "@angular/forms": ">=12.2.16",
        "@angular/platform-browser": ">=12.2.16",
        "typescript": ">=4.3.5",
        "zone.js": ">=0.11.4"
      }
    },
    "../components": {
      "name": "@baloise/design-system-next-components",
      "version": "10.20.2",
      "extraneous": true,
      "license": "Apache-2.0",
      "dependencies": {
        "@baloise/web-app-utils": "~3.6.1",
        "@popperjs/core": "~2.11.4",
        "@stencil/core": "~2.16.1",
        "big.js": "~6.2.1",
        "bulma": "~0.9.3",
        "date-fns": "~2.29.1",
        "filesize.js": "~2.0.0",
        "lodash.camelcase": "~4.3.0",
        "lodash.capitalize": "~4.2.1",
        "lodash.isarray": "~4.0.0",
        "lodash.isempty": "~4.4.0",
        "lodash.isnan": "~3.0.2",
        "lodash.isnil": "~4.0.0",
        "lodash.isstring": "~4.0.1",
        "lodash.padstart": "~4.6.1",
        "lodash.round": "~4.0.4",
        "lodash.upperfirst": "~4.3.1",
        "lottie-colorify": "0.8.0",
        "lottie-web": "5.8.1"
      }
    },
    "../css": {
      "name": "@baloise/design-system-next-css",
      "version": "10.20.2",
      "extraneous": true,
      "license": "Apache-2.0",
      "devDependencies": {
        "bulma": "~0.9.3",
        "copyfiles": "~2.4.1",
        "minireset.css": "~0.0.7",
        "normalize.css": "~8.0.1"
      }
    },
    "../fonts": {
      "name": "@baloise/design-system-next-fonts",
      "version": "10.20.2",
      "extraneous": true,
      "license": "Apache-2.0"
    },
    "../icons": {
      "name": "@baloise/design-system-next-icons",
      "version": "10.20.2",
      "extraneous": true,
      "license": "Apache-2.0"
    },
    "../output-targets/angular": {
      "name": "@baloise/design-system-next-output-target-angular",
      "version": "10.20.2",
      "extraneous": true,
      "license": "Apache-2.0",
      "peerDependencies": {
        "@angular/common": ">=12.2.16",
        "@angular/core": ">=12.2.16",
        "@angular/forms": ">=12.2.16",
        "@angular/platform-browser": ">=12.2.16",
        "@stencil/core": "^2.9.0",
        "zone.js": ">=0.11.4"
      }
    },
    "../output-targets/react": {
      "name": "@baloise/design-system-next-output-target-react",
      "version": "10.20.2",
      "extraneous": true,
      "peerDependencies": {
        "@stencil/core": "^2.9.0",
        "react": "~17.0.2",
        "react-dom": "~17.0.2"
      }
    },
    "../output-targets/vue": {
      "name": "@baloise/design-system-next-output-target-vue",
      "version": "10.20.2",
      "extraneous": true,
      "peerDependencies": {
        "@stencil/core": "^2.9.0",
        "vue": "^3.2.37"
      }
    },
    "../tokens": {
      "name": "@baloise/design-system-next-tokens",
      "version": "10.20.2",
      "extraneous": true,
      "license": "Apache-2.0"
    },
    "node_modules/@angular/common": {
      "version": "14.2.0",
      "license": "MIT",
      "peer": true,
      "dependencies": {
        "tslib": "^2.3.0"
      },
      "engines": {
        "node": "^14.15.0 || >=16.10.0"
      },
      "peerDependencies": {
        "@angular/core": "14.2.0",
        "rxjs": "^6.5.3 || ^7.4.0"
      }
    },
    "node_modules/@angular/core": {
      "version": "14.2.0",
      "license": "MIT",
      "peer": true,
      "dependencies": {
        "tslib": "^2.3.0"
      },
      "engines": {
        "node": "^14.15.0 || >=16.10.0"
      },
      "peerDependencies": {
        "rxjs": "^6.5.3 || ^7.4.0",
        "zone.js": "~0.11.4"
      }
    },
    "node_modules/@angular/forms": {
      "version": "14.2.0",
      "license": "MIT",
      "peer": true,
      "dependencies": {
        "tslib": "^2.3.0"
      },
      "engines": {
        "node": "^14.15.0 || >=16.10.0"
      },
      "peerDependencies": {
        "@angular/common": "14.2.0",
        "@angular/core": "14.2.0",
        "@angular/platform-browser": "14.2.0",
        "rxjs": "^6.5.3 || ^7.4.0"
      }
    },
    "node_modules/@angular/platform-browser": {
      "version": "14.2.0",
      "license": "MIT",
      "peer": true,
      "dependencies": {
        "tslib": "^2.3.0"
      },
      "engines": {
        "node": "^14.15.0 || >=16.10.0"
      },
      "peerDependencies": {
        "@angular/animations": "14.2.0",
        "@angular/common": "14.2.0",
        "@angular/core": "14.2.0"
      },
      "peerDependenciesMeta": {
        "@angular/animations": {
          "optional": true
        }
      }
    },
    "node_modules/rxjs": {
      "version": "7.5.6",
      "license": "Apache-2.0",
      "peer": true,
      "dependencies": {
        "tslib": "^2.1.0"
      }
    },
    "node_modules/tslib": {
      "version": "2.4.0",
      "license": "0BSD"
    },
    "node_modules/typescript": {
      "version": "4.8.2",
      "license": "Apache-2.0",
      "peer": true,
      "bin": {
        "tsc": "bin/tsc",
        "tsserver": "bin/tsserver"
      },
      "engines": {
        "node": ">=4.2.0"
      }
    },
    "node_modules/zone.js": {
      "version": "0.11.8",
      "license": "MIT",
      "peer": true,
      "dependencies": {
        "tslib": "^2.3.0"
      }
    }
  },
  "dependencies": {
    "@angular/common": {
      "version": "14.2.0",
      "peer": true,
      "requires": {
        "tslib": "^2.3.0"
      }
    },
    "@angular/core": {
      "version": "14.2.0",
      "peer": true,
      "requires": {
        "tslib": "^2.3.0"
      }
    },
    "@angular/forms": {
      "version": "14.2.0",
      "peer": true,
      "requires": {
        "tslib": "^2.3.0"
      }
    },
    "@angular/platform-browser": {
      "version": "14.2.0",
      "peer": true,
      "requires": {
        "tslib": "^2.3.0"
      }
    },
    "rxjs": {
      "version": "7.5.6",
      "peer": true,
      "requires": {
        "tslib": "^2.1.0"
      }
    },
    "tslib": {
      "version": "2.4.0"
    },
    "typescript": {
      "version": "4.8.2",
      "peer": true
    },
    "zone.js": {
      "version": "0.11.8",
      "peer": true,
      "requires": {
        "tslib": "^2.3.0"
      }
    }
  }
}
