{
  "name": "@baloise/design-system-next-output-target-angular",
  "version": "10.24.2",
  "lockfileVersion": 2,
  "requires": true,
  "packages": {
    "": {
      "name": "@baloise/design-system-next-output-target-angular",
      "version": "10.24.1",
      "license": "Apache-2.0",
      "peerDependencies": {
        "@angular/common": ">=12.2.16",
        "@angular/core": ">=12.2.16",
        "@angular/forms": ">=12.2.16",
        "@angular/platform-browser": ">=12.2.16",
        "@stencil/core": "^2.9.0",
        "zone.js": ">=0.11.4"
      }
    },
    "node_modules/@angular/common": {
      "version": "14.2.0",
      "resolved": "https://registry.npmjs.org/@angular/common/-/common-14.2.0.tgz",
      "integrity": "sha512-dXCGuM/Yh9B8OVVHHfPuXLYdu0olemKmuYLZXGoqyzeYU5OpQ6+qcHYTrlREkWpF9QY+pk2ewfM9Hke1UENEHA==",
      "peer": true,
      "dependencies": {
        "tslib": "^2.3.0"
      },
      "engines": {
        "node": "^14.15.0 || >=16.10.0"
      },
      "peerDependencies": {
        "@angular/core": "14.2.0",
        "rxjs": "^6.5.3 || ^7.4.0"
      }
    },
    "node_modules/@angular/core": {
      "version": "14.2.0",
      "resolved": "https://registry.npmjs.org/@angular/core/-/core-14.2.0.tgz",
      "integrity": "sha512-m00WZL+df90QjrNmA43W8oSP1hyePoEXgw36JcFLQ+2ISO1HvqoeuKXIccyIQKpCuQ9VLNv5ptlTio6pjmcCqg==",
      "peer": true,
      "dependencies": {
        "tslib": "^2.3.0"
      },
      "engines": {
        "node": "^14.15.0 || >=16.10.0"
      },
      "peerDependencies": {
        "rxjs": "^6.5.3 || ^7.4.0",
        "zone.js": "~0.11.4"
      }
    },
    "node_modules/@angular/forms": {
      "version": "14.2.0",
      "resolved": "https://registry.npmjs.org/@angular/forms/-/forms-14.2.0.tgz",
      "integrity": "sha512-KVAd4ITEUnP/MLNTDbTWEMoYIZgKawvoaNu4nBP0DAcZsADmB5a6IPYcg6GrgJ+teN0SnpiCxKvq1hRITj3d7g==",
      "peer": true,
      "dependencies": {
        "tslib": "^2.3.0"
      },
      "engines": {
        "node": "^14.15.0 || >=16.10.0"
      },
      "peerDependencies": {
        "@angular/common": "14.2.0",
        "@angular/core": "14.2.0",
        "@angular/platform-browser": "14.2.0",
        "rxjs": "^6.5.3 || ^7.4.0"
      }
    },
    "node_modules/@angular/platform-browser": {
      "version": "14.2.0",
      "resolved": "https://registry.npmjs.org/@angular/platform-browser/-/platform-browser-14.2.0.tgz",
      "integrity": "sha512-zYWB9FtZQZEhPV2PuzaoXWChWS+7o4SP+0sF8hLddGNOezf1FsKKrqDhyYtQYgZ2qQPsS+uDFfkVry5dppALUQ==",
      "peer": true,
      "dependencies": {
        "tslib": "^2.3.0"
      },
      "engines": {
        "node": "^14.15.0 || >=16.10.0"
      },
      "peerDependencies": {
        "@angular/animations": "14.2.0",
        "@angular/common": "14.2.0",
        "@angular/core": "14.2.0"
      },
      "peerDependenciesMeta": {
        "@angular/animations": {
          "optional": true
        }
      }
    },
    "node_modules/@stencil/core": {
      "version": "2.17.4",
      "resolved": "https://registry.npmjs.org/@stencil/core/-/core-2.17.4.tgz",
      "integrity": "sha512-SGRlHpjV1RyFvzw6jFMVKpLNox9Eds3VvpbpD2SW9CuxdLonHDSFtQks5zmT4zs1Rse9I6kFc2mFK/dHNTalkg==",
      "peer": true,
      "bin": {
        "stencil": "bin/stencil"
      },
      "engines": {
        "node": ">=12.10.0",
        "npm": ">=6.0.0"
      }
    },
    "node_modules/rxjs": {
      "version": "7.5.6",
      "resolved": "https://registry.npmjs.org/rxjs/-/rxjs-7.5.6.tgz",
      "integrity": "sha512-dnyv2/YsXhnm461G+R/Pe5bWP41Nm6LBXEYWI6eiFP4fiwx6WRI/CD0zbdVAudd9xwLEF2IDcKXLHit0FYjUzw==",
      "peer": true,
      "dependencies": {
        "tslib": "^2.1.0"
      }
    },
    "node_modules/tslib": {
      "version": "2.4.0",
      "resolved": "https://registry.npmjs.org/tslib/-/tslib-2.4.0.tgz",
      "integrity": "sha512-d6xOpEDfsi2CZVlPQzGeux8XMwLT9hssAsaPYExaQMuYskwb+x1x7J371tWlbBdWHroy99KnVB6qIkUbs5X3UQ==",
      "peer": true
    },
    "node_modules/zone.js": {
      "version": "0.11.8",
      "resolved": "https://registry.npmjs.org/zone.js/-/zone.js-0.11.8.tgz",
      "integrity": "sha512-82bctBg2hKcEJ21humWIkXRlLBBmrc3nN7DFh5LGGhcyycO2S7FN8NmdvlcKaGFDNVL4/9kFLmwmInTavdJERA==",
      "peer": true,
      "dependencies": {
        "tslib": "^2.3.0"
      }
    }
  },
  "dependencies": {
    "@angular/common": {
      "version": "14.2.0",
      "resolved": "https://registry.npmjs.org/@angular/common/-/common-14.2.0.tgz",
      "integrity": "sha512-dXCGuM/Yh9B8OVVHHfPuXLYdu0olemKmuYLZXGoqyzeYU5OpQ6+qcHYTrlREkWpF9QY+pk2ewfM9Hke1UENEHA==",
      "peer": true,
      "requires": {
        "tslib": "^2.3.0"
      }
    },
    "@angular/core": {
      "version": "14.2.0",
      "resolved": "https://registry.npmjs.org/@angular/core/-/core-14.2.0.tgz",
      "integrity": "sha512-m00WZL+df90QjrNmA43W8oSP1hyePoEXgw36JcFLQ+2ISO1HvqoeuKXIccyIQKpCuQ9VLNv5ptlTio6pjmcCqg==",
      "peer": true,
      "requires": {
        "tslib": "^2.3.0"
      }
    },
    "@angular/forms": {
      "version": "14.2.0",
      "resolved": "https://registry.npmjs.org/@angular/forms/-/forms-14.2.0.tgz",
      "integrity": "sha512-KVAd4ITEUnP/MLNTDbTWEMoYIZgKawvoaNu4nBP0DAcZsADmB5a6IPYcg6GrgJ+teN0SnpiCxKvq1hRITj3d7g==",
      "peer": true,
      "requires": {
        "tslib": "^2.3.0"
      }
    },
    "@angular/platform-browser": {
      "version": "14.2.0",
      "resolved": "https://registry.npmjs.org/@angular/platform-browser/-/platform-browser-14.2.0.tgz",
      "integrity": "sha512-zYWB9FtZQZEhPV2PuzaoXWChWS+7o4SP+0sF8hLddGNOezf1FsKKrqDhyYtQYgZ2qQPsS+uDFfkVry5dppALUQ==",
      "peer": true,
      "requires": {
        "tslib": "^2.3.0"
      }
    },
    "@stencil/core": {
      "version": "2.17.4",
      "resolved": "https://registry.npmjs.org/@stencil/core/-/core-2.17.4.tgz",
      "integrity": "sha512-SGRlHpjV1RyFvzw6jFMVKpLNox9Eds3VvpbpD2SW9CuxdLonHDSFtQks5zmT4zs1Rse9I6kFc2mFK/dHNTalkg==",
      "peer": true
    },
    "rxjs": {
      "version": "7.5.6",
      "resolved": "https://registry.npmjs.org/rxjs/-/rxjs-7.5.6.tgz",
      "integrity": "sha512-dnyv2/YsXhnm461G+R/Pe5bWP41Nm6LBXEYWI6eiFP4fiwx6WRI/CD0zbdVAudd9xwLEF2IDcKXLHit0FYjUzw==",
      "peer": true,
      "requires": {
        "tslib": "^2.1.0"
      }
    },
    "tslib": {
      "version": "2.4.0",
      "resolved": "https://registry.npmjs.org/tslib/-/tslib-2.4.0.tgz",
      "integrity": "sha512-d6xOpEDfsi2CZVlPQzGeux8XMwLT9hssAsaPYExaQMuYskwb+x1x7J371tWlbBdWHroy99KnVB6qIkUbs5X3UQ==",
      "peer": true
    },
    "zone.js": {
      "version": "0.11.8",
      "resolved": "https://registry.npmjs.org/zone.js/-/zone.js-0.11.8.tgz",
      "integrity": "sha512-82bctBg2hKcEJ21humWIkXRlLBBmrc3nN7DFh5LGGhcyycO2S7FN8NmdvlcKaGFDNVL4/9kFLmwmInTavdJERA==",
      "peer": true,
      "requires": {
        "tslib": "^2.3.0"
      }
    }
  }
}
