{
  "name": "@baloise/design-system-next-components-vue",
  "version": "10.23.0",
  "lockfileVersion": 2,
  "requires": true,
  "packages": {
    "": {
      "name": "@baloise/design-system-next-components-vue",
      "version": "10.22.2",
      "license": "Apache-2.0",
      "dependencies": {
        "@baloise/design-system-next-components": "10.22.2"
      },
      "peerDependencies": {
        "vue": ">=3.0.5"
      }
    },
    "node_modules/@babel/parser": {
      "version": "7.18.13",
      "license": "MIT",
      "peer": true,
      "bin": {
        "parser": "bin/babel-parser.js"
      },
      "engines": {
        "node": ">=6.0.0"
      }
    },
    "node_modules/@baloise/design-system-next-components": {
      "version": "10.22.2",
      "resolved": "https://registry.npmjs.org/@baloise/design-system-next-components/-/design-system-next-components-10.22.2.tgz",
      "integrity": "sha512-2DxK4qJsDFKXqjdwBZ+h0wSnY6gMObihqFVehjB+BqO1/rw0YKn+s24DjEc3IcEM7HmaqRGNUUEL1aCJWHB3lA==",
      "dependencies": {
        "@baloise/design-system-next-css": "10.22.2",
        "@baloise/design-system-next-fonts": "10.22.2",
        "@baloise/design-system-next-icons": "10.22.2",
        "@baloise/design-system-next-tokens": "10.22.2",
        "@baloise/web-app-utils": "~3.6.1",
        "@popperjs/core": "~2.11.4",
        "@stencil/core": "~2.16.1",
        "big.js": "~6.2.1",
        "bulma": "~0.9.3",
        "date-fns": "~2.29.1",
        "filesize.js": "~2.0.0",
        "lodash.camelcase": "~4.3.0",
        "lodash.capitalize": "~4.2.1",
        "lodash.isarray": "~4.0.0",
        "lodash.isempty": "~4.4.0",
        "lodash.isnan": "~3.0.2",
        "lodash.isnil": "~4.0.0",
        "lodash.isstring": "~4.0.1",
        "lodash.padstart": "~4.6.1",
        "lodash.round": "~4.0.4",
        "lodash.upperfirst": "~4.3.1",
        "lottie-colorify": "0.8.0",
        "lottie-web": "5.8.1"
      }
    },
    "node_modules/@baloise/design-system-next-css": {
      "version": "10.22.2",
      "resolved": "https://registry.npmjs.org/@baloise/design-system-next-css/-/design-system-next-css-10.22.2.tgz",
      "integrity": "sha512-0d43LmaqwwcJs3pq5h3p/4L4QDcG+zyNaawFLEv6zfayUTyWqaFAm/1+I392ddfgAwEEeM5ugFrgZh7h6vWFzQ==",
      "dependencies": {
        "@baloise/design-system-next-fonts": "10.22.2",
        "@baloise/design-system-next-tokens": "10.22.2"
      }
    },
    "node_modules/@baloise/design-system-next-fonts": {
      "version": "10.22.2",
      "resolved": "https://registry.npmjs.org/@baloise/design-system-next-fonts/-/design-system-next-fonts-10.22.2.tgz",
      "integrity": "sha512-8FRG9t2IDkOVfTMPq8LbJnX9IhWBJyQQOTZ0UGN9jgvuJDpmywTAfgB78fScljKTD9iwjul9NHjkrBK/NY730w=="
    },
    "node_modules/@baloise/design-system-next-icons": {
      "version": "10.22.2",
      "resolved": "https://registry.npmjs.org/@baloise/design-system-next-icons/-/design-system-next-icons-10.22.2.tgz",
      "integrity": "sha512-bvnmCAlEzMiO+taeFJZ046ZIAKDQWGkWjfPMHkSy9JpWB9eQnD3GmwGiyaZgVyxusxftAuXoWb4LtjNZuf76mA=="
    },
    "node_modules/@baloise/design-system-next-tokens": {
      "version": "10.22.2",
      "resolved": "https://registry.npmjs.org/@baloise/design-system-next-tokens/-/design-system-next-tokens-10.22.2.tgz",
      "integrity": "sha512-A/1IiHrrsVVs2lYrDFhwKBDZnLX0qhcBXxOlE8ql6soBToxKOTxc85EIA4h0wWMGOH24KGV01zSykLOuLPl0Mw=="
    },
    "node_modules/@baloise/web-app-utils": {
      "version": "3.6.2",
      "resolved": "https://registry.npmjs.org/@baloise/web-app-utils/-/web-app-utils-3.6.2.tgz",
      "integrity": "sha512-iz8vo/h6zL2mWHG6B72c9SRVF0aFP/WVY62PNUXGp063+iRm0EE/6h0lEAKd7IYKI3hNcCypd9eie29lL0Bqog==",
      "dependencies": {
        "date-fns": "^2.28.0",
        "lodash.camelcase": "^4.3.0",
        "lodash.isarray": "^4.0.0",
        "lodash.isboolean": "^3.0.3",
        "lodash.isdate": "^4.0.1",
        "lodash.isequal": "^4.5.0",
        "lodash.isnan": "^3.0.2",
        "lodash.isnil": "^4.0.0",
        "lodash.isnumber": "^3.0.3",
        "lodash.isobject": "^3.0.2",
        "lodash.isstring": "^4.0.1",
        "lodash.padstart": "^4.6.1",
        "lodash.upperfirst": "^4.3.1"
      }
    },
    "node_modules/@popperjs/core": {
      "version": "2.11.6",
      "resolved": "https://registry.npmjs.org/@popperjs/core/-/core-2.11.6.tgz",
      "integrity": "sha512-50/17A98tWUfQ176raKiOGXuYpLyyVMkxxG6oylzL3BPOlA6ADGdK7EYunSa4I064xerltq9TGXs8HmOk5E+vw==",
      "funding": {
        "type": "opencollective",
        "url": "https://opencollective.com/popperjs"
      }
    },
    "node_modules/@stencil/core": {
      "version": "2.16.1",
      "resolved": "https://registry.npmjs.org/@stencil/core/-/core-2.16.1.tgz",
      "integrity": "sha512-s/UJp9qxExL3DyQPT70kiuWeb3AdjbUZM+5lEIXn30I2DLcLYPOPXfsoWJODieQywq+3vPiLZeIdkoqjf6jcSw==",
      "bin": {
        "stencil": "bin/stencil"
      },
      "engines": {
        "node": ">=12.10.0",
        "npm": ">=6.0.0"
      }
    },
    "node_modules/@types/lodash": {
      "version": "4.14.184",
      "resolved": "https://registry.npmjs.org/@types/lodash/-/lodash-4.14.184.tgz",
      "integrity": "sha512-RoZphVtHbxPZizt4IcILciSWiC6dcn+eZ8oX9IWEYfDMcocdd42f7NPI6fQj+6zI8y4E0L7gu2pcZKLGTRaV9Q=="
    },
    "node_modules/@types/lodash.clonedeep": {
      "version": "4.5.7",
      "resolved": "https://registry.npmjs.org/@types/lodash.clonedeep/-/lodash.clonedeep-4.5.7.tgz",
      "integrity": "sha512-ccNqkPptFIXrpVqUECi60/DFxjNKsfoQxSQsgcBJCX/fuX1wgyQieojkcWH/KpE3xzLoWN/2k+ZeGqIN3paSvw==",
      "dependencies": {
        "@types/lodash": "*"
      }
    },
    "node_modules/@vue/compiler-core": {
      "version": "3.2.37",
      "license": "MIT",
      "peer": true,
      "dependencies": {
        "@babel/parser": "^7.16.4",
        "@vue/shared": "3.2.37",
        "estree-walker": "^2.0.2",
        "source-map": "^0.6.1"
      }
    },
    "node_modules/@vue/compiler-dom": {
      "version": "3.2.37",
      "license": "MIT",
      "peer": true,
      "dependencies": {
        "@vue/compiler-core": "3.2.37",
        "@vue/shared": "3.2.37"
      }
    },
    "node_modules/@vue/compiler-sfc": {
      "version": "3.2.37",
      "license": "MIT",
      "peer": true,
      "dependencies": {
        "@babel/parser": "^7.16.4",
        "@vue/compiler-core": "3.2.37",
        "@vue/compiler-dom": "3.2.37",
        "@vue/compiler-ssr": "3.2.37",
        "@vue/reactivity-transform": "3.2.37",
        "@vue/shared": "3.2.37",
        "estree-walker": "^2.0.2",
        "magic-string": "^0.25.7",
        "postcss": "^8.1.10",
        "source-map": "^0.6.1"
      }
    },
    "node_modules/@vue/compiler-ssr": {
      "version": "3.2.37",
      "license": "MIT",
      "peer": true,
      "dependencies": {
        "@vue/compiler-dom": "3.2.37",
        "@vue/shared": "3.2.37"
      }
    },
    "node_modules/@vue/reactivity": {
      "version": "3.2.37",
      "license": "MIT",
      "peer": true,
      "dependencies": {
        "@vue/shared": "3.2.37"
      }
    },
    "node_modules/@vue/reactivity-transform": {
      "version": "3.2.37",
      "license": "MIT",
      "peer": true,
      "dependencies": {
        "@babel/parser": "^7.16.4",
        "@vue/compiler-core": "3.2.37",
        "@vue/shared": "3.2.37",
        "estree-walker": "^2.0.2",
        "magic-string": "^0.25.7"
      }
    },
    "node_modules/@vue/runtime-core": {
      "version": "3.2.37",
      "license": "MIT",
      "peer": true,
      "dependencies": {
        "@vue/reactivity": "3.2.37",
        "@vue/shared": "3.2.37"
      }
    },
    "node_modules/@vue/runtime-dom": {
      "version": "3.2.37",
      "license": "MIT",
      "peer": true,
      "dependencies": {
        "@vue/runtime-core": "3.2.37",
        "@vue/shared": "3.2.37",
        "csstype": "^2.6.8"
      }
    },
    "node_modules/@vue/server-renderer": {
      "version": "3.2.37",
      "license": "MIT",
      "peer": true,
      "dependencies": {
        "@vue/compiler-ssr": "3.2.37",
        "@vue/shared": "3.2.37"
      },
      "peerDependencies": {
        "vue": "3.2.37"
      }
    },
    "node_modules/@vue/shared": {
      "version": "3.2.37",
      "license": "MIT",
      "peer": true
    },
    "node_modules/big.js": {
      "version": "6.2.1",
      "resolved": "https://registry.npmjs.org/big.js/-/big.js-6.2.1.tgz",
      "integrity": "sha512-bCtHMwL9LeDIozFn+oNhhFoq+yQ3BNdnsLSASUxLciOb1vgvpHsIO1dsENiGMgbb4SkP5TrzWzRiLddn8ahVOQ==",
      "engines": {
        "node": "*"
      },
      "funding": {
        "type": "opencollective",
        "url": "https://opencollective.com/bigjs"
      }
    },
    "node_modules/bulma": {
      "version": "0.9.4",
      "resolved": "https://registry.npmjs.org/bulma/-/bulma-0.9.4.tgz",
      "integrity": "sha512-86FlT5+1GrsgKbPLRRY7cGDg8fsJiP/jzTqXXVqiUZZ2aZT8uemEOHlU1CDU+TxklPEZ11HZNNWclRBBecP4CQ=="
    },
    "node_modules/csstype": {
      "version": "2.6.20",
      "license": "MIT",
      "peer": true
    },
    "node_modules/date-fns": {
      "version": "2.29.2",
      "resolved": "https://registry.npmjs.org/date-fns/-/date-fns-2.29.2.tgz",
      "integrity": "sha512-0VNbwmWJDS/G3ySwFSJA3ayhbURMTJLtwM2DTxf9CWondCnh6DTNlO9JgRSq6ibf4eD0lfMJNBxUdEAHHix+bA==",
      "engines": {
        "node": ">=0.11"
      },
      "funding": {
        "type": "opencollective",
        "url": "https://opencollective.com/date-fns"
      }
    },
    "node_modules/estree-walker": {
      "version": "2.0.2",
      "license": "MIT",
      "peer": true
    },
    "node_modules/filesize.js": {
      "version": "2.0.0",
      "resolved": "https://registry.npmjs.org/filesize.js/-/filesize.js-2.0.0.tgz",
      "integrity": "sha512-dOngzfsRfjwTQkG3UPY3GI+OqbBj4mO1UW1FoDYN2SF/p7hACKXHKGjgA62ug4KtORXcXdlEKOXrgfzt+qB2Nw=="
    },
    "node_modules/lodash.camelcase": {
      "version": "4.3.0",
      "resolved": "https://registry.npmjs.org/lodash.camelcase/-/lodash.camelcase-4.3.0.tgz",
      "integrity": "sha512-TwuEnCnxbc3rAvhf/LbG7tJUDzhqXyFnv3dtzLOPgCG/hODL7WFnsbwktkD7yUV0RrreP/l1PALq/YSg6VvjlA=="
    },
    "node_modules/lodash.capitalize": {
      "version": "4.2.1",
      "resolved": "https://registry.npmjs.org/lodash.capitalize/-/lodash.capitalize-4.2.1.tgz",
      "integrity": "sha512-kZzYOKspf8XVX5AvmQF94gQW0lejFVgb80G85bU4ZWzoJ6C03PQg3coYAUpSTpQWelrZELd3XWgHzw4Ck5kaIw=="
    },
    "node_modules/lodash.clonedeep": {
      "version": "4.5.0",
      "resolved": "https://registry.npmjs.org/lodash.clonedeep/-/lodash.clonedeep-4.5.0.tgz",
      "integrity": "sha512-H5ZhCF25riFd9uB5UCkVKo61m3S/xZk1x4wA6yp/L3RFP6Z/eHH1ymQcGLo7J3GMPfm0V/7m1tryHuGVxpqEBQ=="
    },
    "node_modules/lodash.isarray": {
      "version": "4.0.0",
      "resolved": "https://registry.npmjs.org/lodash.isarray/-/lodash.isarray-4.0.0.tgz",
      "integrity": "sha512-V8ViWvoNlXpCrB6Ewaj3ScRXUpmCvqp4tJUxa3dlovuJj/8lp3SND5Kw4v5OeuHgoyw4qJN+gl36qZqp6WYQ6g==",
      "deprecated": "This package is deprecated. Use Array.isArray."
    },
    "node_modules/lodash.isboolean": {
      "version": "3.0.3",
      "resolved": "https://registry.npmjs.org/lodash.isboolean/-/lodash.isboolean-3.0.3.tgz",
      "integrity": "sha512-Bz5mupy2SVbPHURB98VAcw+aHh4vRV5IPNhILUCsOzRmsTmSQ17jIuqopAentWoehktxGd9e/hbIXq980/1QJg=="
    },
    "node_modules/lodash.isdate": {
      "version": "4.0.1",
      "resolved": "https://registry.npmjs.org/lodash.isdate/-/lodash.isdate-4.0.1.tgz",
      "integrity": "sha512-hg5B1GD+R9egsBgMwmAhk+V53Us03TVvXT4dnyKugEfsD4QKuG9Wlyvxq8OGy2nu7qVGsh4DRSnMk33hoWBq/Q=="
    },
    "node_modules/lodash.isempty": {
      "version": "4.4.0",
      "resolved": "https://registry.npmjs.org/lodash.isempty/-/lodash.isempty-4.4.0.tgz",
      "integrity": "sha512-oKMuF3xEeqDltrGMfDxAPGIVMSSRv8tbRSODbrs4KGsRRLEhrW8N8Rd4DRgB2+621hY8A8XwwrTVhXWpxFvMzg=="
    },
    "node_modules/lodash.isequal": {
      "version": "4.5.0",
      "resolved": "https://registry.npmjs.org/lodash.isequal/-/lodash.isequal-4.5.0.tgz",
      "integrity": "sha512-pDo3lu8Jhfjqls6GkMgpahsF9kCyayhgykjyLMNFTKWrpVdAQtYyB4muAMWozBB4ig/dtWAmsMxLEI8wuz+DYQ=="
    },
    "node_modules/lodash.isnan": {
      "version": "3.0.2",
      "resolved": "https://registry.npmjs.org/lodash.isnan/-/lodash.isnan-3.0.2.tgz",
      "integrity": "sha512-zduioV6njyRsie8qtuS85u7B8xJWi3HjUc1klVoRdeghA5prG13xbUNNcCJ1Cxwa4FyjJVnkL5hDopCVh2ng4g=="
    },
    "node_modules/lodash.isnil": {
      "version": "4.0.0",
      "resolved": "https://registry.npmjs.org/lodash.isnil/-/lodash.isnil-4.0.0.tgz",
      "integrity": "sha512-up2Mzq3545mwVnMhTDMdfoG1OurpA/s5t88JmQX809eH3C8491iu2sfKhTfhQtKY78oPNhiaHJUpT/dUDAAtng=="
    },
    "node_modules/lodash.isnumber": {
      "version": "3.0.3",
      "resolved": "https://registry.npmjs.org/lodash.isnumber/-/lodash.isnumber-3.0.3.tgz",
      "integrity": "sha512-QYqzpfwO3/CWf3XP+Z+tkQsfaLL/EnUlXWVkIk5FUPc4sBdTehEqZONuyRt2P67PXAk+NXmTBcc97zw9t1FQrw=="
    },
    "node_modules/lodash.isobject": {
      "version": "3.0.2",
      "resolved": "https://registry.npmjs.org/lodash.isobject/-/lodash.isobject-3.0.2.tgz",
      "integrity": "sha512-3/Qptq2vr7WeJbB4KHUSKlq8Pl7ASXi3UG6CMbBm8WRtXi8+GHm7mKaU3urfpSEzWe2wCIChs6/sdocUsTKJiA=="
    },
    "node_modules/lodash.isstring": {
      "version": "4.0.1",
      "resolved": "https://registry.npmjs.org/lodash.isstring/-/lodash.isstring-4.0.1.tgz",
      "integrity": "sha512-0wJxfxH1wgO3GrbuP+dTTk7op+6L41QCXbGINEmD+ny/G/eCqGzxyCsh7159S+mgDDcoarnBw6PC1PS5+wUGgw=="
    },
    "node_modules/lodash.padstart": {
      "version": "4.6.1",
      "resolved": "https://registry.npmjs.org/lodash.padstart/-/lodash.padstart-4.6.1.tgz",
      "integrity": "sha512-sW73O6S8+Tg66eY56DBk85aQzzUJDtpoXFBgELMd5P/SotAguo+1kYO6RuYgXxA4HJH3LFTFPASX6ET6bjfriw=="
    },
    "node_modules/lodash.round": {
      "version": "4.0.4",
      "resolved": "https://registry.npmjs.org/lodash.round/-/lodash.round-4.0.4.tgz",
      "integrity": "sha512-dzDLNwFMXbjN1pEC0LgLPKVOI5o2DOpBx+oGxWthVE+a9mlV3rEdvoz2i3se/ico4Y3G62Yg3/e1fcp/GMu2lQ=="
    },
    "node_modules/lodash.upperfirst": {
      "version": "4.3.1",
      "resolved": "https://registry.npmjs.org/lodash.upperfirst/-/lodash.upperfirst-4.3.1.tgz",
      "integrity": "sha512-sReKOYJIJf74dhJONhU4e0/shzi1trVbSWDOhKYE5XV2O+H7Sb2Dihwuc7xWxVl+DgFPyTqIN3zMfT9cq5iWDg=="
    },
    "node_modules/lottie-colorify": {
      "version": "0.8.0",
      "resolved": "https://registry.npmjs.org/lottie-colorify/-/lottie-colorify-0.8.0.tgz",
      "integrity": "sha512-xvaKRYiRMR5wWgUksZ2LsUOkQILhVnAPAUPmYSTjGMOK1m1DOHOyzYSfCKZBURiqhFb+VokkHfMWDKg3ffCXTw==",
      "dependencies": {
        "@types/lodash.clonedeep": "^4.5.6",
        "lodash.clonedeep": "^4.5.0"
      }
    },
    "node_modules/lottie-web": {
      "version": "5.8.1",
      "resolved": "https://registry.npmjs.org/lottie-web/-/lottie-web-5.8.1.tgz",
      "integrity": "sha512-9gIizWADlaHC2GCt+D+yNpk5l2clZQFqnVWWIVdY0LnxC/uLa39dYltAe3fcmC/hrZ2IUQ8dLlY0O934Npjs7Q=="
    },
    "node_modules/magic-string": {
      "version": "0.25.9",
      "license": "MIT",
      "peer": true,
      "dependencies": {
        "sourcemap-codec": "^1.4.8"
      }
    },
    "node_modules/nanoid": {
      "version": "3.3.4",
      "license": "MIT",
      "peer": true,
      "bin": {
        "nanoid": "bin/nanoid.cjs"
      },
      "engines": {
        "node": "^10 || ^12 || ^13.7 || ^14 || >=15.0.1"
      }
    },
    "node_modules/picocolors": {
      "version": "1.0.0",
      "license": "ISC",
      "peer": true
    },
    "node_modules/postcss": {
      "version": "8.4.16",
      "funding": [
        {
          "type": "opencollective",
          "url": "https://opencollective.com/postcss/"
        },
        {
          "type": "tidelift",
          "url": "https://tidelift.com/funding/github/npm/postcss"
        }
      ],
      "license": "MIT",
      "peer": true,
      "dependencies": {
        "nanoid": "^3.3.4",
        "picocolors": "^1.0.0",
        "source-map-js": "^1.0.2"
      },
      "engines": {
        "node": "^10 || ^12 || >=14"
      }
    },
    "node_modules/source-map": {
      "version": "0.6.1",
      "license": "BSD-3-Clause",
      "peer": true,
      "engines": {
        "node": ">=0.10.0"
      }
    },
    "node_modules/source-map-js": {
      "version": "1.0.2",
      "license": "BSD-3-Clause",
      "peer": true,
      "engines": {
        "node": ">=0.10.0"
      }
    },
    "node_modules/sourcemap-codec": {
      "version": "1.4.8",
      "license": "MIT",
      "peer": true
    },
    "node_modules/vue": {
      "version": "3.2.37",
      "license": "MIT",
      "peer": true,
      "dependencies": {
        "@vue/compiler-dom": "3.2.37",
        "@vue/compiler-sfc": "3.2.37",
        "@vue/runtime-dom": "3.2.37",
        "@vue/server-renderer": "3.2.37",
        "@vue/shared": "3.2.37"
      }
    }
  },
  "dependencies": {
    "@babel/parser": {
      "version": "7.18.13",
      "peer": true
    },
    "@baloise/design-system-next-components": {
      "version": "10.22.2",
      "resolved": "https://registry.npmjs.org/@baloise/design-system-next-components/-/design-system-next-components-10.22.2.tgz",
      "integrity": "sha512-2DxK4qJsDFKXqjdwBZ+h0wSnY6gMObihqFVehjB+BqO1/rw0YKn+s24DjEc3IcEM7HmaqRGNUUEL1aCJWHB3lA==",
      "requires": {
        "@baloise/design-system-next-css": "10.22.2",
        "@baloise/design-system-next-fonts": "10.22.2",
        "@baloise/design-system-next-icons": "10.22.2",
        "@baloise/design-system-next-tokens": "10.22.2",
        "@baloise/web-app-utils": "~3.6.1",
        "@popperjs/core": "~2.11.4",
        "@stencil/core": "~2.16.1",
        "big.js": "~6.2.1",
        "bulma": "~0.9.3",
        "date-fns": "~2.29.1",
        "filesize.js": "~2.0.0",
        "lodash.camelcase": "~4.3.0",
        "lodash.capitalize": "~4.2.1",
        "lodash.isarray": "~4.0.0",
        "lodash.isempty": "~4.4.0",
        "lodash.isnan": "~3.0.2",
        "lodash.isnil": "~4.0.0",
        "lodash.isstring": "~4.0.1",
        "lodash.padstart": "~4.6.1",
        "lodash.round": "~4.0.4",
        "lodash.upperfirst": "~4.3.1",
        "lottie-colorify": "0.8.0",
        "lottie-web": "5.8.1"
      }
    },
    "@baloise/design-system-next-css": {
      "version": "10.22.2",
      "resolved": "https://registry.npmjs.org/@baloise/design-system-next-css/-/design-system-next-css-10.22.2.tgz",
      "integrity": "sha512-0d43LmaqwwcJs3pq5h3p/4L4QDcG+zyNaawFLEv6zfayUTyWqaFAm/1+I392ddfgAwEEeM5ugFrgZh7h6vWFzQ==",
      "requires": {
        "@baloise/design-system-next-fonts": "10.22.2",
        "@baloise/design-system-next-tokens": "10.22.2"
      }
    },
    "@baloise/design-system-next-fonts": {
      "version": "10.22.2",
      "resolved": "https://registry.npmjs.org/@baloise/design-system-next-fonts/-/design-system-next-fonts-10.22.2.tgz",
      "integrity": "sha512-8FRG9t2IDkOVfTMPq8LbJnX9IhWBJyQQOTZ0UGN9jgvuJDpmywTAfgB78fScljKTD9iwjul9NHjkrBK/NY730w=="
    },
    "@baloise/design-system-next-icons": {
      "version": "10.22.2",
      "resolved": "https://registry.npmjs.org/@baloise/design-system-next-icons/-/design-system-next-icons-10.22.2.tgz",
      "integrity": "sha512-bvnmCAlEzMiO+taeFJZ046ZIAKDQWGkWjfPMHkSy9JpWB9eQnD3GmwGiyaZgVyxusxftAuXoWb4LtjNZuf76mA=="
    },
    "@baloise/design-system-next-tokens": {
      "version": "10.22.2",
      "resolved": "https://registry.npmjs.org/@baloise/design-system-next-tokens/-/design-system-next-tokens-10.22.2.tgz",
      "integrity": "sha512-A/1IiHrrsVVs2lYrDFhwKBDZnLX0qhcBXxOlE8ql6soBToxKOTxc85EIA4h0wWMGOH24KGV01zSykLOuLPl0Mw=="
    },
    "@baloise/web-app-utils": {
      "version": "3.6.2",
      "resolved": "https://registry.npmjs.org/@baloise/web-app-utils/-/web-app-utils-3.6.2.tgz",
      "integrity": "sha512-iz8vo/h6zL2mWHG6B72c9SRVF0aFP/WVY62PNUXGp063+iRm0EE/6h0lEAKd7IYKI3hNcCypd9eie29lL0Bqog==",
      "requires": {
        "date-fns": "^2.28.0",
        "lodash.camelcase": "^4.3.0",
        "lodash.isarray": "^4.0.0",
        "lodash.isboolean": "^3.0.3",
        "lodash.isdate": "^4.0.1",
        "lodash.isequal": "^4.5.0",
        "lodash.isnan": "^3.0.2",
        "lodash.isnil": "^4.0.0",
        "lodash.isnumber": "^3.0.3",
        "lodash.isobject": "^3.0.2",
        "lodash.isstring": "^4.0.1",
        "lodash.padstart": "^4.6.1",
        "lodash.upperfirst": "^4.3.1"
      }
    },
    "@popperjs/core": {
      "version": "2.11.6",
      "resolved": "https://registry.npmjs.org/@popperjs/core/-/core-2.11.6.tgz",
      "integrity": "sha512-50/17A98tWUfQ176raKiOGXuYpLyyVMkxxG6oylzL3BPOlA6ADGdK7EYunSa4I064xerltq9TGXs8HmOk5E+vw=="
    },
    "@stencil/core": {
      "version": "2.16.1",
      "resolved": "https://registry.npmjs.org/@stencil/core/-/core-2.16.1.tgz",
      "integrity": "sha512-s/UJp9qxExL3DyQPT70kiuWeb3AdjbUZM+5lEIXn30I2DLcLYPOPXfsoWJODieQywq+3vPiLZeIdkoqjf6jcSw=="
    },
    "@types/lodash": {
      "version": "4.14.184",
      "resolved": "https://registry.npmjs.org/@types/lodash/-/lodash-4.14.184.tgz",
      "integrity": "sha512-RoZphVtHbxPZizt4IcILciSWiC6dcn+eZ8oX9IWEYfDMcocdd42f7NPI6fQj+6zI8y4E0L7gu2pcZKLGTRaV9Q=="
    },
    "@types/lodash.clonedeep": {
      "version": "4.5.7",
      "resolved": "https://registry.npmjs.org/@types/lodash.clonedeep/-/lodash.clonedeep-4.5.7.tgz",
      "integrity": "sha512-ccNqkPptFIXrpVqUECi60/DFxjNKsfoQxSQsgcBJCX/fuX1wgyQieojkcWH/KpE3xzLoWN/2k+ZeGqIN3paSvw==",
      "requires": {
        "@types/lodash": "*"
      }
    },
    "@vue/compiler-core": {
      "version": "3.2.37",
      "peer": true,
      "requires": {
        "@babel/parser": "^7.16.4",
        "@vue/shared": "3.2.37",
        "estree-walker": "^2.0.2",
        "source-map": "^0.6.1"
      }
    },
    "@vue/compiler-dom": {
      "version": "3.2.37",
      "peer": true,
      "requires": {
        "@vue/compiler-core": "3.2.37",
        "@vue/shared": "3.2.37"
      }
    },
    "@vue/compiler-sfc": {
      "version": "3.2.37",
      "peer": true,
      "requires": {
        "@babel/parser": "^7.16.4",
        "@vue/compiler-core": "3.2.37",
        "@vue/compiler-dom": "3.2.37",
        "@vue/compiler-ssr": "3.2.37",
        "@vue/reactivity-transform": "3.2.37",
        "@vue/shared": "3.2.37",
        "estree-walker": "^2.0.2",
        "magic-string": "^0.25.7",
        "postcss": "^8.1.10",
        "source-map": "^0.6.1"
      }
    },
    "@vue/compiler-ssr": {
      "version": "3.2.37",
      "peer": true,
      "requires": {
        "@vue/compiler-dom": "3.2.37",
        "@vue/shared": "3.2.37"
      }
    },
    "@vue/reactivity": {
      "version": "3.2.37",
      "peer": true,
      "requires": {
        "@vue/shared": "3.2.37"
      }
    },
    "@vue/reactivity-transform": {
      "version": "3.2.37",
      "peer": true,
      "requires": {
        "@babel/parser": "^7.16.4",
        "@vue/compiler-core": "3.2.37",
        "@vue/shared": "3.2.37",
        "estree-walker": "^2.0.2",
        "magic-string": "^0.25.7"
      }
    },
    "@vue/runtime-core": {
      "version": "3.2.37",
      "peer": true,
      "requires": {
        "@vue/reactivity": "3.2.37",
        "@vue/shared": "3.2.37"
      }
    },
    "@vue/runtime-dom": {
      "version": "3.2.37",
      "peer": true,
      "requires": {
        "@vue/runtime-core": "3.2.37",
        "@vue/shared": "3.2.37",
        "csstype": "^2.6.8"
      }
    },
    "@vue/server-renderer": {
      "version": "3.2.37",
      "peer": true,
      "requires": {
        "@vue/compiler-ssr": "3.2.37",
        "@vue/shared": "3.2.37"
      }
    },
    "@vue/shared": {
      "version": "3.2.37",
      "peer": true
    },
    "big.js": {
      "version": "6.2.1",
      "resolved": "https://registry.npmjs.org/big.js/-/big.js-6.2.1.tgz",
      "integrity": "sha512-bCtHMwL9LeDIozFn+oNhhFoq+yQ3BNdnsLSASUxLciOb1vgvpHsIO1dsENiGMgbb4SkP5TrzWzRiLddn8ahVOQ=="
    },
    "bulma": {
      "version": "0.9.4",
      "resolved": "https://registry.npmjs.org/bulma/-/bulma-0.9.4.tgz",
      "integrity": "sha512-86FlT5+1GrsgKbPLRRY7cGDg8fsJiP/jzTqXXVqiUZZ2aZT8uemEOHlU1CDU+TxklPEZ11HZNNWclRBBecP4CQ=="
    },
    "csstype": {
      "version": "2.6.20",
      "peer": true
    },
    "date-fns": {
      "version": "2.29.2",
      "resolved": "https://registry.npmjs.org/date-fns/-/date-fns-2.29.2.tgz",
      "integrity": "sha512-0VNbwmWJDS/G3ySwFSJA3ayhbURMTJLtwM2DTxf9CWondCnh6DTNlO9JgRSq6ibf4eD0lfMJNBxUdEAHHix+bA=="
    },
    "estree-walker": {
      "version": "2.0.2",
      "peer": true
    },
    "filesize.js": {
      "version": "2.0.0",
      "resolved": "https://registry.npmjs.org/filesize.js/-/filesize.js-2.0.0.tgz",
      "integrity": "sha512-dOngzfsRfjwTQkG3UPY3GI+OqbBj4mO1UW1FoDYN2SF/p7hACKXHKGjgA62ug4KtORXcXdlEKOXrgfzt+qB2Nw=="
    },
    "lodash.camelcase": {
      "version": "4.3.0",
      "resolved": "https://registry.npmjs.org/lodash.camelcase/-/lodash.camelcase-4.3.0.tgz",
      "integrity": "sha512-TwuEnCnxbc3rAvhf/LbG7tJUDzhqXyFnv3dtzLOPgCG/hODL7WFnsbwktkD7yUV0RrreP/l1PALq/YSg6VvjlA=="
    },
    "lodash.capitalize": {
      "version": "4.2.1",
      "resolved": "https://registry.npmjs.org/lodash.capitalize/-/lodash.capitalize-4.2.1.tgz",
      "integrity": "sha512-kZzYOKspf8XVX5AvmQF94gQW0lejFVgb80G85bU4ZWzoJ6C03PQg3coYAUpSTpQWelrZELd3XWgHzw4Ck5kaIw=="
    },
    "lodash.clonedeep": {
      "version": "4.5.0",
      "resolved": "https://registry.npmjs.org/lodash.clonedeep/-/lodash.clonedeep-4.5.0.tgz",
      "integrity": "sha512-H5ZhCF25riFd9uB5UCkVKo61m3S/xZk1x4wA6yp/L3RFP6Z/eHH1ymQcGLo7J3GMPfm0V/7m1tryHuGVxpqEBQ=="
    },
    "lodash.isarray": {
      "version": "4.0.0",
      "resolved": "https://registry.npmjs.org/lodash.isarray/-/lodash.isarray-4.0.0.tgz",
      "integrity": "sha512-V8ViWvoNlXpCrB6Ewaj3ScRXUpmCvqp4tJUxa3dlovuJj/8lp3SND5Kw4v5OeuHgoyw4qJN+gl36qZqp6WYQ6g=="
    },
    "lodash.isboolean": {
      "version": "3.0.3",
      "resolved": "https://registry.npmjs.org/lodash.isboolean/-/lodash.isboolean-3.0.3.tgz",
      "integrity": "sha512-Bz5mupy2SVbPHURB98VAcw+aHh4vRV5IPNhILUCsOzRmsTmSQ17jIuqopAentWoehktxGd9e/hbIXq980/1QJg=="
    },
    "lodash.isdate": {
      "version": "4.0.1",
      "resolved": "https://registry.npmjs.org/lodash.isdate/-/lodash.isdate-4.0.1.tgz",
      "integrity": "sha512-hg5B1GD+R9egsBgMwmAhk+V53Us03TVvXT4dnyKugEfsD4QKuG9Wlyvxq8OGy2nu7qVGsh4DRSnMk33hoWBq/Q=="
    },
    "lodash.isempty": {
      "version": "4.4.0",
      "resolved": "https://registry.npmjs.org/lodash.isempty/-/lodash.isempty-4.4.0.tgz",
      "integrity": "sha512-oKMuF3xEeqDltrGMfDxAPGIVMSSRv8tbRSODbrs4KGsRRLEhrW8N8Rd4DRgB2+621hY8A8XwwrTVhXWpxFvMzg=="
    },
    "lodash.isequal": {
      "version": "4.5.0",
      "resolved": "https://registry.npmjs.org/lodash.isequal/-/lodash.isequal-4.5.0.tgz",
      "integrity": "sha512-pDo3lu8Jhfjqls6GkMgpahsF9kCyayhgykjyLMNFTKWrpVdAQtYyB4muAMWozBB4ig/dtWAmsMxLEI8wuz+DYQ=="
    },
    "lodash.isnan": {
      "version": "3.0.2",
      "resolved": "https://registry.npmjs.org/lodash.isnan/-/lodash.isnan-3.0.2.tgz",
      "integrity": "sha512-zduioV6njyRsie8qtuS85u7B8xJWi3HjUc1klVoRdeghA5prG13xbUNNcCJ1Cxwa4FyjJVnkL5hDopCVh2ng4g=="
    },
    "lodash.isnil": {
      "version": "4.0.0",
      "resolved": "https://registry.npmjs.org/lodash.isnil/-/lodash.isnil-4.0.0.tgz",
      "integrity": "sha512-up2Mzq3545mwVnMhTDMdfoG1OurpA/s5t88JmQX809eH3C8491iu2sfKhTfhQtKY78oPNhiaHJUpT/dUDAAtng=="
    },
    "lodash.isnumber": {
      "version": "3.0.3",
      "resolved": "https://registry.npmjs.org/lodash.isnumber/-/lodash.isnumber-3.0.3.tgz",
      "integrity": "sha512-QYqzpfwO3/CWf3XP+Z+tkQsfaLL/EnUlXWVkIk5FUPc4sBdTehEqZONuyRt2P67PXAk+NXmTBcc97zw9t1FQrw=="
    },
    "lodash.isobject": {
      "version": "3.0.2",
      "resolved": "https://registry.npmjs.org/lodash.isobject/-/lodash.isobject-3.0.2.tgz",
      "integrity": "sha512-3/Qptq2vr7WeJbB4KHUSKlq8Pl7ASXi3UG6CMbBm8WRtXi8+GHm7mKaU3urfpSEzWe2wCIChs6/sdocUsTKJiA=="
    },
    "lodash.isstring": {
      "version": "4.0.1",
      "resolved": "https://registry.npmjs.org/lodash.isstring/-/lodash.isstring-4.0.1.tgz",
      "integrity": "sha512-0wJxfxH1wgO3GrbuP+dTTk7op+6L41QCXbGINEmD+ny/G/eCqGzxyCsh7159S+mgDDcoarnBw6PC1PS5+wUGgw=="
    },
    "lodash.padstart": {
      "version": "4.6.1",
      "resolved": "https://registry.npmjs.org/lodash.padstart/-/lodash.padstart-4.6.1.tgz",
      "integrity": "sha512-sW73O6S8+Tg66eY56DBk85aQzzUJDtpoXFBgELMd5P/SotAguo+1kYO6RuYgXxA4HJH3LFTFPASX6ET6bjfriw=="
    },
    "lodash.round": {
      "version": "4.0.4",
      "resolved": "https://registry.npmjs.org/lodash.round/-/lodash.round-4.0.4.tgz",
      "integrity": "sha512-dzDLNwFMXbjN1pEC0LgLPKVOI5o2DOpBx+oGxWthVE+a9mlV3rEdvoz2i3se/ico4Y3G62Yg3/e1fcp/GMu2lQ=="
    },
    "lodash.upperfirst": {
      "version": "4.3.1",
      "resolved": "https://registry.npmjs.org/lodash.upperfirst/-/lodash.upperfirst-4.3.1.tgz",
      "integrity": "sha512-sReKOYJIJf74dhJONhU4e0/shzi1trVbSWDOhKYE5XV2O+H7Sb2Dihwuc7xWxVl+DgFPyTqIN3zMfT9cq5iWDg=="
    },
    "lottie-colorify": {
      "version": "0.8.0",
      "resolved": "https://registry.npmjs.org/lottie-colorify/-/lottie-colorify-0.8.0.tgz",
      "integrity": "sha512-xvaKRYiRMR5wWgUksZ2LsUOkQILhVnAPAUPmYSTjGMOK1m1DOHOyzYSfCKZBURiqhFb+VokkHfMWDKg3ffCXTw==",
      "requires": {
        "@types/lodash.clonedeep": "^4.5.6",
        "lodash.clonedeep": "^4.5.0"
      }
    },
    "lottie-web": {
      "version": "5.8.1",
      "resolved": "https://registry.npmjs.org/lottie-web/-/lottie-web-5.8.1.tgz",
      "integrity": "sha512-9gIizWADlaHC2GCt+D+yNpk5l2clZQFqnVWWIVdY0LnxC/uLa39dYltAe3fcmC/hrZ2IUQ8dLlY0O934Npjs7Q=="
    },
    "magic-string": {
      "version": "0.25.9",
      "peer": true,
      "requires": {
        "sourcemap-codec": "^1.4.8"
      }
    },
    "nanoid": {
      "version": "3.3.4",
      "peer": true
    },
    "picocolors": {
      "version": "1.0.0",
      "peer": true
    },
    "postcss": {
      "version": "8.4.16",
      "peer": true,
      "requires": {
        "nanoid": "^3.3.4",
        "picocolors": "^1.0.0",
        "source-map-js": "^1.0.2"
      }
    },
    "source-map": {
      "version": "0.6.1",
      "peer": true
    },
    "source-map-js": {
      "version": "1.0.2",
      "peer": true
    },
    "sourcemap-codec": {
      "version": "1.4.8",
      "peer": true
    },
    "vue": {
      "version": "3.2.37",
      "peer": true,
      "requires": {
        "@vue/compiler-dom": "3.2.37",
        "@vue/compiler-sfc": "3.2.37",
        "@vue/runtime-dom": "3.2.37",
        "@vue/server-renderer": "3.2.37",
        "@vue/shared": "3.2.37"
      }
    }
  }
}
