{
  "name": "@baloise/design-system-components-vue",
  "version": "3.0.1",
  "lockfileVersion": 1,
  "requires": true,
  "dependencies": {
    "@babel/helper-validator-identifier": {
      "version": "7.14.0",
      "resolved": "https://registry.npmjs.org/@babel/helper-validator-identifier/-/helper-validator-identifier-7.14.0.tgz",
      "integrity": "sha512-V3ts7zMSu5lfiwWDVWzRDGIN+lnCEUdaXgtVHJgLb1rGaA6jMrtB9EmE7L18foXJIE8Un/A/h6NJfGQp/e1J4A==",
      "dev": true
    },
    "@babel/parser": {
      "version": "7.14.1",
      "resolved": "https://registry.npmjs.org/@babel/parser/-/parser-7.14.1.tgz",
      "integrity": "sha512-muUGEKu8E/ftMTPlNp+mc6zL3E9zKWmF5sDHZ5MSsoTP9Wyz64AhEf9kD08xYJ7w6Hdcu8H550ircnPyWSIF0Q==",
      "dev": true
    },
    "@babel/types": {
      "version": "7.14.1",
      "resolved": "https://registry.npmjs.org/@babel/types/-/types-7.14.1.tgz",
      "integrity": "sha512-S13Qe85fzLs3gYRUnrpyeIrBJIMYv33qSTg1qoBwiG6nPKwUWAD9odSzWhEedpwOIzSEI6gbdQIWEMiCI42iBA==",
      "dev": true,
      "requires": {
        "@babel/helper-validator-identifier": "^7.14.0",
        "to-fast-properties": "^2.0.0"
      }
    },
    "@baloise/design-system-components": {
      "version": "2.0.5",
      "resolved": "https://registry.npmjs.org/@baloise/design-system-components/-/design-system-components-2.0.5.tgz",
      "integrity": "sha512-viGR/f9ZKb93nUfXN06NYiXgrxlAsUoznrOyVlV0/C6ZK9Zbqyc91fCn2VVyjY7lLYtcyr0oQbyMURo0EK0EXQ==",
      "requires": {
        "@baloise/design-system-fonts": "2.0.5",
        "@baloise/design-system-icons": "2.0.5",
        "@baloise/web-app-utils": "^1.9.1",
        "@stencil/core": "^2.10.0",
        "bulma": "^0.9.3",
        "filesize.js": "^2.0.0",
        "lodash.camelcase": "^4.3.0",
        "lodash.capitalize": "^4.2.1",
        "lodash.isarray": "^4.0.0",
        "lodash.isempty": "^4.4.0",
        "lodash.isnil": "^4.0.0",
        "lodash.isstring": "^4.0.1",
        "lodash.lowercase": "^4.3.0",
        "lodash.round": "^4.0.4",
        "lodash.trim": "^4.5.1",
        "lodash.upperfirst": "^4.3.1"
      }
    },
    "@baloise/design-system-fonts": {
      "version": "2.0.5",
      "resolved": "https://registry.npmjs.org/@baloise/design-system-fonts/-/design-system-fonts-2.0.5.tgz",
      "integrity": "sha512-RftB3iu9wkfLfa9NCE/zrlJhugKHIwc5sb797B8dJMAnGM5JwZJNbBSw+fKufPhKVuIT1huCp3/trQ5U83NEfQ=="
    },
    "@baloise/design-system-icons": {
      "version": "2.0.5",
      "resolved": "https://registry.npmjs.org/@baloise/design-system-icons/-/design-system-icons-2.0.5.tgz",
      "integrity": "sha512-XgDncyffVs3khZiloCr1XaeKTymCLG35x6+P2vQMd3f+1NmHMrrfuGOw1503HaokWk/hTAPUGo8+qYD5ZrHExA=="
    },
    "@baloise/web-app-utils": {
      "version": "1.9.1",
      "resolved": "https://registry.npmjs.org/@baloise/web-app-utils/-/web-app-utils-1.9.1.tgz",
      "integrity": "sha512-xOSnX9XasuV0BMTfAtwHXU6+bd+HSZ+QmarPkpWgtQGHmJFjY2q7B2DKrOwZZmNWs6wb/hAzGdo7xb1gud6g6g==",
      "requires": {
        "lodash.camelcase": "^4.3.0",
        "lodash.isarray": "^4.0.0",
        "lodash.isboolean": "^3.0.3",
        "lodash.isdate": "^4.0.1",
        "lodash.isequal": "^4.5.0",
        "lodash.isnan": "^3.0.2",
        "lodash.isnil": "^4.0.0",
        "lodash.isnumber": "^3.0.3",
        "lodash.isobject": "^3.0.2",
        "lodash.isstring": "^4.0.1",
        "lodash.padstart": "^4.6.1",
        "lodash.upperfirst": "^4.3.1"
      }
    },
    "@stencil/core": {
      "version": "2.11.0",
      "resolved": "https://registry.npmjs.org/@stencil/core/-/core-2.11.0.tgz",
      "integrity": "sha512-/IubCWhVXCguyMUp/3zGrg3c882+RJNg/zpiKfyfJL3kRCOwe+/MD8OoAXVGdd+xAohZKIi1Ik+EHFlsptsjLg=="
    },
    "@types/lodash": {
      "version": "4.14.177",
      "resolved": "https://registry.npmjs.org/@types/lodash/-/lodash-4.14.177.tgz",
      "integrity": "sha512-0fDwydE2clKe9MNfvXHBHF9WEahRuj+msTuQqOmAApNORFvhMYZKNGGJdCzuhheVjMps/ti0Ak/iJPACMaevvw==",
      "dev": true
    },
    "@types/lodash.camelcase": {
      "version": "4.3.6",
      "resolved": "https://registry.npmjs.org/@types/lodash.camelcase/-/lodash.camelcase-4.3.6.tgz",
      "integrity": "sha512-hd/TEuPd76Jtf1xEq85CHbCqR+iqvs5IOKyrYbiaOg69BRQgPN9XkvLj8Jl8rBp/dfJ2wQ1AVcP8mZmybq7kIg==",
      "dev": true,
      "requires": {
        "@types/lodash": "*"
      }
    },
    "@types/lodash.upperfirst": {
      "version": "4.3.6",
      "resolved": "https://registry.npmjs.org/@types/lodash.upperfirst/-/lodash.upperfirst-4.3.6.tgz",
      "integrity": "sha512-op4ctKkT1eD/Nt8MCPlN7O2IQrYWIcH1rOPHM86SKzbliLG50eVXM6+qzkdxtBV7DZb3W/1Up2+k43WK9F0Bgg==",
      "dev": true,
      "requires": {
        "@types/lodash": "*"
      }
    },
    "@vue/compiler-core": {
      "version": "3.2.4",
      "resolved": "https://registry.npmjs.org/@vue/compiler-core/-/compiler-core-3.2.4.tgz",
      "integrity": "sha512-c8NuQq7mUXXxA4iqD5VUKpyVeklK53+DMbojYMyZ0VPPrb0BUWrZWFiqSDT+MFDv0f6Hv3QuLiHWb1BWMXBbrw==",
      "dev": true,
      "requires": {
        "@babel/parser": "^7.12.0",
        "@babel/types": "^7.12.0",
        "@vue/shared": "3.2.4",
        "estree-walker": "^2.0.1",
        "source-map": "^0.6.1"
      }
    },
    "@vue/compiler-dom": {
      "version": "3.2.4",
      "resolved": "https://registry.npmjs.org/@vue/compiler-dom/-/compiler-dom-3.2.4.tgz",
      "integrity": "sha512-uj1nwO4794fw2YsYas5QT+FU/YGrXbS0Qk+1c7Kp1kV7idhZIghWLTjyvYibpGoseFbYLPd+sW2/noJG5H04EQ==",
      "dev": true,
      "requires": {
        "@vue/compiler-core": "3.2.4",
        "@vue/shared": "3.2.4"
      }
    },
    "@vue/reactivity": {
      "version": "3.2.4",
      "resolved": "https://registry.npmjs.org/@vue/reactivity/-/reactivity-3.2.4.tgz",
      "integrity": "sha512-ljWTR0hr8Tn09hM2tlmWxZzCBPlgGLnq/k8K8X6EcJhtV+C8OzFySnbWqMWataojbrQOocThwsC8awKthSl2uQ==",
      "dev": true,
      "requires": {
        "@vue/shared": "3.2.4"
      }
    },
    "@vue/runtime-core": {
      "version": "3.2.4",
      "resolved": "https://registry.npmjs.org/@vue/runtime-core/-/runtime-core-3.2.4.tgz",
      "integrity": "sha512-W6PtEOs8P8jKYPo3JwaMAozZQivxInUleGfNwI2pK1t8ZLZIxn4kAf7p4VF4jJdQB8SZBzpfWdLUc06j7IOmpQ==",
      "dev": true,
      "requires": {
        "@vue/reactivity": "3.2.4",
        "@vue/shared": "3.2.4"
      }
    },
    "@vue/runtime-dom": {
      "version": "3.2.4",
      "resolved": "https://registry.npmjs.org/@vue/runtime-dom/-/runtime-dom-3.2.4.tgz",
      "integrity": "sha512-HcVtLyn2SGwsf6BFPwkvDPDOhOqkOKcfHDpBp5R1coX+qMsOFrY8lJnGXIY+JnxqFjND00E9+u+lq5cs/W7ooA==",
      "dev": true,
      "requires": {
        "@vue/runtime-core": "3.2.4",
        "@vue/shared": "3.2.4",
        "csstype": "^2.6.8"
      }
    },
    "@vue/shared": {
      "version": "3.2.4",
      "resolved": "https://registry.npmjs.org/@vue/shared/-/shared-3.2.4.tgz",
      "integrity": "sha512-j2j1MRmjalVKr3YBTxl/BClSIc8UQ8NnPpLYclxerK65JIowI4O7n8O8lElveEtEoHxy1d7BelPUDI0Q4bumqg==",
      "dev": true
    },
    "ag-grid-community": {
      "version": "26.0.0",
      "resolved": "https://registry.npmjs.org/ag-grid-community/-/ag-grid-community-26.0.0.tgz",
      "integrity": "sha512-ewm640koOut+1nl+rDf/pUyM6/V2xbZ8T7VTzM0NZQNhn8TFG3grKs5iEzsKel8mwMWCSIO82xr356QNE11Hog==",
      "dev": true
    },
    "balanced-match": {
      "version": "1.0.0",
      "resolved": "https://registry.npmjs.org/balanced-match/-/balanced-match-1.0.0.tgz",
      "integrity": "sha1-ibTRmasr7kneFk6gK4nORi1xt2c=",
      "dev": true
    },
    "brace-expansion": {
      "version": "1.1.11",
      "resolved": "https://registry.npmjs.org/brace-expansion/-/brace-expansion-1.1.11.tgz",
      "integrity": "sha512-iCuPHDFgrHX7H2vEI/5xpz07zSHB00TpugqhmYtVmMO6518mCuRMoOYFldEBl0g187ufozdaHgWKcYFb61qGiA==",
      "dev": true,
      "requires": {
        "balanced-match": "^1.0.0",
        "concat-map": "0.0.1"
      }
    },
    "bulma": {
      "version": "0.9.3",
      "resolved": "https://registry.npmjs.org/bulma/-/bulma-0.9.3.tgz",
      "integrity": "sha512-0d7GNW1PY4ud8TWxdNcP6Cc8Bu7MxcntD/RRLGWuiw/s0a9P+XlH/6QoOIrmbj6o8WWJzJYhytiu9nFjTszk1g=="
    },
    "camel-case": {
      "version": "4.1.2",
      "resolved": "https://registry.npmjs.org/camel-case/-/camel-case-4.1.2.tgz",
      "integrity": "sha512-gxGWBrTT1JuMx6R+o5PTXMmUnhnVzLQ9SNutD4YqKtI6ap897t3tKECYla6gCWEkplXnlNybEkZg9GEGxKFCgw==",
      "dev": true,
      "requires": {
        "pascal-case": "^3.1.2",
        "tslib": "^2.0.3"
      }
    },
    "capital-case": {
      "version": "1.0.4",
      "resolved": "https://registry.npmjs.org/capital-case/-/capital-case-1.0.4.tgz",
      "integrity": "sha512-ds37W8CytHgwnhGGTi88pcPyR15qoNkOpYwmMMfnWqqWgESapLqvDx6huFjQ5vqWSn2Z06173XNA7LtMOeUh1A==",
      "dev": true,
      "requires": {
        "no-case": "^3.0.4",
        "tslib": "^2.0.3",
        "upper-case-first": "^2.0.2"
      }
    },
    "change-case": {
      "version": "4.1.2",
      "resolved": "https://registry.npmjs.org/change-case/-/change-case-4.1.2.tgz",
      "integrity": "sha512-bSxY2ws9OtviILG1EiY5K7NNxkqg/JnRnFxLtKQ96JaviiIxi7djMrSd0ECT9AC+lttClmYwKw53BWpOMblo7A==",
      "dev": true,
      "requires": {
        "camel-case": "^4.1.2",
        "capital-case": "^1.0.4",
        "constant-case": "^3.0.4",
        "dot-case": "^3.0.4",
        "header-case": "^2.0.4",
        "no-case": "^3.0.4",
        "param-case": "^3.0.4",
        "pascal-case": "^3.1.2",
        "path-case": "^3.0.4",
        "sentence-case": "^3.0.4",
        "snake-case": "^3.0.4",
        "tslib": "^2.0.3"
      }
    },
    "concat-map": {
      "version": "0.0.1",
      "resolved": "https://registry.npmjs.org/concat-map/-/concat-map-0.0.1.tgz",
      "integrity": "sha1-2Klr13/Wjfd5OnMDajug1UBdR3s=",
      "dev": true
    },
    "constant-case": {
      "version": "3.0.4",
      "resolved": "https://registry.npmjs.org/constant-case/-/constant-case-3.0.4.tgz",
      "integrity": "sha512-I2hSBi7Vvs7BEuJDr5dDHfzb/Ruj3FyvFyh7KLilAjNQw3Be+xgqUBA2W6scVEcL0hL1dwPRtIqEPVUCKkSsyQ==",
      "dev": true,
      "requires": {
        "no-case": "^3.0.4",
        "tslib": "^2.0.3",
        "upper-case": "^2.0.2"
      }
    },
    "csstype": {
      "version": "2.6.17",
      "resolved": "https://registry.npmjs.org/csstype/-/csstype-2.6.17.tgz",
      "integrity": "sha512-u1wmTI1jJGzCJzWndZo8mk4wnPTZd1eOIYTYvuEyOQGfmDl3TrabCCfKnOC86FZwW/9djqTl933UF/cS425i9A==",
      "dev": true
    },
    "dot-case": {
      "version": "3.0.4",
      "resolved": "https://registry.npmjs.org/dot-case/-/dot-case-3.0.4.tgz",
      "integrity": "sha512-Kv5nKlh6yRrdrGvxeJ2e5y2eRUpkUosIW4A2AS38zwSz27zu7ufDwQPi5Jhs3XAlGNetl3bmnGhQsMtkKJnj3w==",
      "dev": true,
      "requires": {
        "no-case": "^3.0.4",
        "tslib": "^2.0.3"
      }
    },
    "estree-walker": {
      "version": "2.0.2",
      "resolved": "https://registry.npmjs.org/estree-walker/-/estree-walker-2.0.2.tgz",
      "integrity": "sha512-Rfkk/Mp/DL7JVje3u18FxFujQlTNR2q6QfMSMB7AvCBx91NGj/ba3kCfza0f6dVDbw7YlRf/nDrn7pQrCCyQ/w==",
      "dev": true
    },
    "filesize.js": {
      "version": "2.0.0",
      "resolved": "https://registry.npmjs.org/filesize.js/-/filesize.js-2.0.0.tgz",
      "integrity": "sha512-dOngzfsRfjwTQkG3UPY3GI+OqbBj4mO1UW1FoDYN2SF/p7hACKXHKGjgA62ug4KtORXcXdlEKOXrgfzt+qB2Nw=="
    },
    "fs.realpath": {
      "version": "1.0.0",
      "resolved": "https://registry.npmjs.org/fs.realpath/-/fs.realpath-1.0.0.tgz",
      "integrity": "sha1-FQStJSMVjKpA20onh8sBQRmU6k8=",
      "dev": true
    },
    "fsevents": {
      "version": "2.3.2",
      "resolved": "https://registry.npmjs.org/fsevents/-/fsevents-2.3.2.tgz",
      "integrity": "sha512-xiqMQR4xAeHTuB9uWm+fFRcIOgKBMiOBP+eXiyT7jsgVCq1bkVygt00oASowB7EdtpOHaaPgKt812P9ab+DDKA==",
      "dev": true,
      "optional": true
    },
    "glob": {
      "version": "7.1.6",
      "resolved": "https://registry.npmjs.org/glob/-/glob-7.1.6.tgz",
      "integrity": "sha512-LwaxwyZ72Lk7vZINtNNrywX0ZuLyStrdDtabefZKAY5ZGJhVtgdznluResxNmPitE0SAO+O26sWTHeKSI2wMBA==",
      "dev": true,
      "requires": {
        "fs.realpath": "^1.0.0",
        "inflight": "^1.0.4",
        "inherits": "2",
        "minimatch": "^3.0.4",
        "once": "^1.3.0",
        "path-is-absolute": "^1.0.0"
      }
    },
    "header-case": {
      "version": "2.0.4",
      "resolved": "https://registry.npmjs.org/header-case/-/header-case-2.0.4.tgz",
      "integrity": "sha512-H/vuk5TEEVZwrR0lp2zed9OCo1uAILMlx0JEMgC26rzyJJ3N1v6XkwHHXJQdR2doSjcGPM6OKPYoJgf0plJ11Q==",
      "dev": true,
      "requires": {
        "capital-case": "^1.0.4",
        "tslib": "^2.0.3"
      }
    },
    "inflight": {
      "version": "1.0.6",
      "resolved": "https://registry.npmjs.org/inflight/-/inflight-1.0.6.tgz",
      "integrity": "sha1-Sb1jMdfQLQwJvJEKEHW6gWW1bfk=",
      "dev": true,
      "requires": {
        "once": "^1.3.0",
        "wrappy": "1"
      }
    },
    "inherits": {
      "version": "2.0.4",
      "resolved": "https://registry.npmjs.org/inherits/-/inherits-2.0.4.tgz",
      "integrity": "sha512-k/vGaX4/Yla3WzyMCvTQOXYeIHvqOKtnqBduzTHpzpQZzAskKMhZ2K+EnBiSM9zGSoIFeMpXKxa4dYeZIQqewQ==",
      "dev": true
    },
    "lodash.camelcase": {
      "version": "4.3.0",
      "resolved": "https://registry.npmjs.org/lodash.camelcase/-/lodash.camelcase-4.3.0.tgz",
      "integrity": "sha1-soqmKIorn8ZRA1x3EfZathkDMaY="
    },
    "lodash.capitalize": {
      "version": "4.2.1",
      "resolved": "https://registry.npmjs.org/lodash.capitalize/-/lodash.capitalize-4.2.1.tgz",
      "integrity": "sha1-+CbJtOKoUR2E46yinbBeGk87cqk="
    },
    "lodash.isarray": {
      "version": "4.0.0",
      "resolved": "https://registry.npmjs.org/lodash.isarray/-/lodash.isarray-4.0.0.tgz",
      "integrity": "sha1-KspJayjEym1yZxUxNZDALm6jRAM="
    },
    "lodash.isboolean": {
      "version": "3.0.3",
      "resolved": "https://registry.npmjs.org/lodash.isboolean/-/lodash.isboolean-3.0.3.tgz",
      "integrity": "sha1-bC4XHbKiV82WgC/UOwGyDV9YcPY="
    },
    "lodash.isdate": {
      "version": "4.0.1",
      "resolved": "https://registry.npmjs.org/lodash.isdate/-/lodash.isdate-4.0.1.tgz",
      "integrity": "sha1-NaVDZzuddhEN5BFLMsxXcEin82Y="
    },
    "lodash.isempty": {
      "version": "4.4.0",
      "resolved": "https://registry.npmjs.org/lodash.isempty/-/lodash.isempty-4.4.0.tgz",
      "integrity": "sha1-b4bL7di+TsmHvpqvM8loTbGzHn4="
    },
    "lodash.isequal": {
      "version": "4.5.0",
      "resolved": "https://registry.npmjs.org/lodash.isequal/-/lodash.isequal-4.5.0.tgz",
      "integrity": "sha1-QVxEePK8wwEgwizhDtMib30+GOA="
    },
    "lodash.isnan": {
      "version": "3.0.2",
      "resolved": "https://registry.npmjs.org/lodash.isnan/-/lodash.isnan-3.0.2.tgz",
      "integrity": "sha1-gu0Epfnqi9YibQwmrwysMvRQd0U="
    },
    "lodash.isnil": {
      "version": "4.0.0",
      "resolved": "https://registry.npmjs.org/lodash.isnil/-/lodash.isnil-4.0.0.tgz",
      "integrity": "sha1-SeKM1VkBNFjIFMVHnTxmOiG/qmw="
    },
    "lodash.isnumber": {
      "version": "3.0.3",
      "resolved": "https://registry.npmjs.org/lodash.isnumber/-/lodash.isnumber-3.0.3.tgz",
      "integrity": "sha1-POdoEMWSjQM1IwGsKHMX8RwLH/w="
    },
    "lodash.isobject": {
      "version": "3.0.2",
      "resolved": "https://registry.npmjs.org/lodash.isobject/-/lodash.isobject-3.0.2.tgz",
      "integrity": "sha1-PI+41bW/S/kK4G4U8qUwpO2TXh0="
    },
    "lodash.isstring": {
      "version": "4.0.1",
      "resolved": "https://registry.npmjs.org/lodash.isstring/-/lodash.isstring-4.0.1.tgz",
      "integrity": "sha1-1SfftUVuynzJu5XV2ur4i6VKVFE="
    },
    "lodash.lowercase": {
      "version": "4.3.0",
      "resolved": "https://registry.npmjs.org/lodash.lowercase/-/lodash.lowercase-4.3.0.tgz",
      "integrity": "sha1-RlFaztSssLcJMTMzOvBo5MOxTp0="
    },
    "lodash.padstart": {
      "version": "4.6.1",
      "resolved": "https://registry.npmjs.org/lodash.padstart/-/lodash.padstart-4.6.1.tgz",
      "integrity": "sha1-0uPuv/DZ05rVD1y9G1KnvOa7YRs="
    },
    "lodash.round": {
      "version": "4.0.4",
      "resolved": "https://registry.npmjs.org/lodash.round/-/lodash.round-4.0.4.tgz",
      "integrity": "sha1-EBtrpcbOzJmPKrvoC2Apr/0l0mI="
    },
    "lodash.trim": {
      "version": "4.5.1",
      "resolved": "https://registry.npmjs.org/lodash.trim/-/lodash.trim-4.5.1.tgz",
      "integrity": "sha1-NkJefukL5KpeJ7zruFt9EepHqlc="
    },
    "lodash.upperfirst": {
      "version": "4.3.1",
      "resolved": "https://registry.npmjs.org/lodash.upperfirst/-/lodash.upperfirst-4.3.1.tgz",
      "integrity": "sha1-E2Xt9DFIBIHvDRxolXpe2Z1J984="
    },
    "lower-case": {
      "version": "2.0.2",
      "resolved": "https://registry.npmjs.org/lower-case/-/lower-case-2.0.2.tgz",
      "integrity": "sha512-7fm3l3NAF9WfN6W3JOmf5drwpVqX78JtoGJ3A6W0a6ZnldM41w2fV5D490psKFTpMds8TJse/eHLFFsNHHjHgg==",
      "dev": true,
      "requires": {
        "tslib": "^2.0.3"
      }
    },
    "minimatch": {
      "version": "3.0.4",
      "resolved": "https://registry.npmjs.org/minimatch/-/minimatch-3.0.4.tgz",
      "integrity": "sha512-yJHVQEhyqPLUTgt9B83PXu6W3rx4MvvHvSUvToogpwoGDOUQ+yDrR0HRot+yOCdCO7u4hX3pWft6kWBBcqh0UA==",
      "dev": true,
      "requires": {
        "brace-expansion": "^1.1.7"
      }
    },
    "no-case": {
      "version": "3.0.4",
      "resolved": "https://registry.npmjs.org/no-case/-/no-case-3.0.4.tgz",
      "integrity": "sha512-fgAN3jGAh+RoxUGZHTSOLJIqUc2wmoBwGR4tbpNAKmmovFoWq0OdRkb0VkldReO2a2iBT/OEulG9XSUc10r3zg==",
      "dev": true,
      "requires": {
        "lower-case": "^2.0.2",
        "tslib": "^2.0.3"
      }
    },
    "once": {
      "version": "1.4.0",
      "resolved": "https://registry.npmjs.org/once/-/once-1.4.0.tgz",
      "integrity": "sha1-WDsap3WWHUsROsF9nFC6753Xa9E=",
      "dev": true,
      "requires": {
        "wrappy": "1"
      }
    },
    "param-case": {
      "version": "3.0.4",
      "resolved": "https://registry.npmjs.org/param-case/-/param-case-3.0.4.tgz",
      "integrity": "sha512-RXlj7zCYokReqWpOPH9oYivUzLYZ5vAPIfEmCTNViosC78F8F0H9y7T7gG2M39ymgutxF5gcFEsyZQSph9Bp3A==",
      "dev": true,
      "requires": {
        "dot-case": "^3.0.4",
        "tslib": "^2.0.3"
      }
    },
    "pascal-case": {
      "version": "3.1.2",
      "resolved": "https://registry.npmjs.org/pascal-case/-/pascal-case-3.1.2.tgz",
      "integrity": "sha512-uWlGT3YSnK9x3BQJaOdcZwrnV6hPpd8jFH1/ucpiLRPh/2zCVJKS19E4GvYHvaCcACn3foXZ0cLB9Wrx1KGe5g==",
      "dev": true,
      "requires": {
        "no-case": "^3.0.4",
        "tslib": "^2.0.3"
      }
    },
    "path-case": {
      "version": "3.0.4",
      "resolved": "https://registry.npmjs.org/path-case/-/path-case-3.0.4.tgz",
      "integrity": "sha512-qO4qCFjXqVTrcbPt/hQfhTQ+VhFsqNKOPtytgNKkKxSoEp3XPUQ8ObFuePylOIok5gjn69ry8XiULxCwot3Wfg==",
      "dev": true,
      "requires": {
        "dot-case": "^3.0.4",
        "tslib": "^2.0.3"
      }
    },
    "path-is-absolute": {
      "version": "1.0.1",
      "resolved": "https://registry.npmjs.org/path-is-absolute/-/path-is-absolute-1.0.1.tgz",
      "integrity": "sha1-F0uSaHNVNP+8es5r9TpanhtcX18=",
      "dev": true
    },
    "rimraf": {
      "version": "3.0.2",
      "resolved": "https://registry.npmjs.org/rimraf/-/rimraf-3.0.2.tgz",
      "integrity": "sha512-JZkJMZkAGFFPP2YqXZXPbMlMBgsxzE8ILs4lMIX/2o0L9UBw9O/Y3o6wFw/i9YLapcUJWwqbi3kdxIPdC62TIA==",
      "dev": true,
      "requires": {
        "glob": "^7.1.3"
      }
    },
    "rollup": {
      "version": "2.56.2",
      "resolved": "https://registry.npmjs.org/rollup/-/rollup-2.56.2.tgz",
      "integrity": "sha512-s8H00ZsRi29M2/lGdm1u8DJpJ9ML8SUOpVVBd33XNeEeL3NVaTiUcSBHzBdF3eAyR0l7VSpsuoVUGrRHq7aPwQ==",
      "dev": true,
      "requires": {
        "fsevents": "~2.3.2"
      }
    },
    "sentence-case": {
      "version": "3.0.4",
      "resolved": "https://registry.npmjs.org/sentence-case/-/sentence-case-3.0.4.tgz",
      "integrity": "sha512-8LS0JInaQMCRoQ7YUytAo/xUu5W2XnQxV2HI/6uM6U7CITS1RqPElr30V6uIqyMKM9lJGRVFy5/4CuzcixNYSg==",
      "dev": true,
      "requires": {
        "no-case": "^3.0.4",
        "tslib": "^2.0.3",
        "upper-case-first": "^2.0.2"
      }
    },
    "snake-case": {
      "version": "3.0.4",
      "resolved": "https://registry.npmjs.org/snake-case/-/snake-case-3.0.4.tgz",
      "integrity": "sha512-LAOh4z89bGQvl9pFfNF8V146i7o7/CqFPbqzYgP+yYzDIDeS9HaNFtXABamRW+AQzEVODcvE79ljJ+8a9YSdMg==",
      "dev": true,
      "requires": {
        "dot-case": "^3.0.4",
        "tslib": "^2.0.3"
      }
    },
    "source-map": {
      "version": "0.6.1",
      "resolved": "https://registry.npmjs.org/source-map/-/source-map-0.6.1.tgz",
      "integrity": "sha512-UjgapumWlbMhkBgzT7Ykc5YXUT46F0iKu8SGXq0bcwP5dz/h0Plj6enJqjz1Zbq2l5WaqYnrVbwWOWMyF3F47g==",
      "dev": true
    },
    "to-fast-properties": {
      "version": "2.0.0",
      "resolved": "https://registry.npmjs.org/to-fast-properties/-/to-fast-properties-2.0.0.tgz",
      "integrity": "sha1-3F5pjL0HkmW8c+A3doGk5Og/YW4=",
      "dev": true
    },
    "tslib": {
      "version": "2.1.0",
      "resolved": "https://registry.npmjs.org/tslib/-/tslib-2.1.0.tgz",
      "integrity": "sha512-hcVC3wYEziELGGmEEXue7D75zbwIIVUMWAVbHItGPx0ziyXxrOMQx4rQEVEV45Ut/1IotuEvwqPopzIOkDMf0A==",
      "dev": true
    },
    "typescript": {
      "version": "4.3.5",
      "resolved": "https://registry.npmjs.org/typescript/-/typescript-4.3.5.tgz",
      "integrity": "sha512-DqQgihaQ9cUrskJo9kIyW/+g0Vxsk8cDtZ52a3NGh0YNTfpUSArXSohyUGnvbPazEPLu398C0UxmKSOrPumUzA==",
      "dev": true
    },
    "upper-case": {
      "version": "2.0.2",
      "resolved": "https://registry.npmjs.org/upper-case/-/upper-case-2.0.2.tgz",
      "integrity": "sha512-KgdgDGJt2TpuwBUIjgG6lzw2GWFRCW9Qkfkiv0DxqHHLYJHmtmdUIKcZd8rHgFSjopVTlw6ggzCm1b8MFQwikg==",
      "dev": true,
      "requires": {
        "tslib": "^2.0.3"
      }
    },
    "upper-case-first": {
      "version": "2.0.2",
      "resolved": "https://registry.npmjs.org/upper-case-first/-/upper-case-first-2.0.2.tgz",
      "integrity": "sha512-514ppYHBaKwfJRK/pNC6c/OxfGa0obSnAl106u97Ed0I625Nin96KAjttZF6ZL3e1XLtphxnqrOi9iWgm+u+bg==",
      "dev": true,
      "requires": {
        "tslib": "^2.0.3"
      }
    },
    "vue": {
      "version": "3.2.4",
      "resolved": "https://registry.npmjs.org/vue/-/vue-3.2.4.tgz",
      "integrity": "sha512-rNCFmoewm8IwmTK0nj3ysKq53iRpNEFKoBJ4inar6tIh7Oj7juubS39RI8UI+VE7x+Cs2z6PBsadtZu7z2qppg==",
      "dev": true,
      "requires": {
        "@vue/compiler-dom": "3.2.4",
        "@vue/runtime-dom": "3.2.4",
        "@vue/shared": "3.2.4"
      }
    },
    "wrappy": {
      "version": "1.0.2",
      "resolved": "https://registry.npmjs.org/wrappy/-/wrappy-1.0.2.tgz",
      "integrity": "sha1-tSQ9jz7BqjXxNkYFvA0QNuMKtp8=",
      "dev": true
    }
  }
}
