{
  "name": "@baloise/design-system-next-components",
  "version": "10.20.2",
  "lockfileVersion": 2,
  "requires": true,
  "packages": {
    "": {
      "name": "@baloise/design-system-next-components",
      "version": "10.20.2",
      "license": "Apache-2.0",
      "dependencies": {
        "@baloise/web-app-utils": "~3.6.1",
        "@popperjs/core": "~2.11.4",
        "@stencil/core": "~2.16.1",
        "big.js": "~6.2.1",
        "bulma": "~0.9.3",
        "date-fns": "~2.29.1",
        "filesize.js": "~2.0.0",
        "lodash.camelcase": "~4.3.0",
        "lodash.capitalize": "~4.2.1",
        "lodash.isarray": "~4.0.0",
        "lodash.isempty": "~4.4.0",
        "lodash.isnan": "~3.0.2",
        "lodash.isnil": "~4.0.0",
        "lodash.isstring": "~4.0.1",
        "lodash.padstart": "~4.6.1",
        "lodash.round": "~4.0.4",
        "lodash.upperfirst": "~4.3.1",
        "lottie-colorify": "0.8.0",
        "lottie-web": "5.8.1"
      }
    },
    "../css": {
      "name": "@baloise/design-system-next-css",
      "version": "10.20.2",
      "extraneous": true,
      "license": "Apache-2.0",
      "devDependencies": {
        "bulma": "~0.9.3",
        "copyfiles": "~2.4.1",
        "minireset.css": "~0.0.7",
        "normalize.css": "~8.0.1"
      }
    },
    "../fonts": {
      "name": "@baloise/design-system-next-fonts",
      "version": "10.20.2",
      "extraneous": true,
      "license": "Apache-2.0"
    },
    "../icons": {
      "name": "@baloise/design-system-next-icons",
      "version": "10.20.2",
      "extraneous": true,
      "license": "Apache-2.0"
    },
    "../output-targets/angular": {
      "name": "@baloise/design-system-next-output-target-angular",
      "version": "10.20.2",
      "extraneous": true,
      "license": "Apache-2.0",
      "peerDependencies": {
        "@angular/common": ">=12.2.16",
        "@angular/core": ">=12.2.16",
        "@angular/forms": ">=12.2.16",
        "@angular/platform-browser": ">=12.2.16",
        "@stencil/core": "^2.9.0",
        "zone.js": ">=0.11.4"
      }
    },
    "../output-targets/react": {
      "name": "@baloise/design-system-next-output-target-react",
      "version": "10.20.2",
      "extraneous": true,
      "peerDependencies": {
        "@stencil/core": "^2.9.0",
        "react": "~17.0.2",
        "react-dom": "~17.0.2"
      }
    },
    "../output-targets/vue": {
      "name": "@baloise/design-system-next-output-target-vue",
      "version": "10.20.2",
      "extraneous": true,
      "peerDependencies": {
        "@stencil/core": "^2.9.0",
        "vue": "^3.2.37"
      }
    },
    "../tokens": {
      "name": "@baloise/design-system-next-tokens",
      "version": "10.20.2",
      "extraneous": true,
      "license": "Apache-2.0"
    },
    "node_modules/@baloise/web-app-utils": {
      "version": "3.6.2",
      "license": "Apache-2.0",
      "dependencies": {
        "date-fns": "^2.28.0",
        "lodash.camelcase": "^4.3.0",
        "lodash.isarray": "^4.0.0",
        "lodash.isboolean": "^3.0.3",
        "lodash.isdate": "^4.0.1",
        "lodash.isequal": "^4.5.0",
        "lodash.isnan": "^3.0.2",
        "lodash.isnil": "^4.0.0",
        "lodash.isnumber": "^3.0.3",
        "lodash.isobject": "^3.0.2",
        "lodash.isstring": "^4.0.1",
        "lodash.padstart": "^4.6.1",
        "lodash.upperfirst": "^4.3.1"
      }
    },
    "node_modules/@popperjs/core": {
      "version": "2.11.6",
      "license": "MIT",
      "funding": {
        "type": "opencollective",
        "url": "https://opencollective.com/popperjs"
      }
    },
    "node_modules/@stencil/core": {
      "version": "2.16.1",
      "license": "MIT",
      "bin": {
        "stencil": "bin/stencil"
      },
      "engines": {
        "node": ">=12.10.0",
        "npm": ">=6.0.0"
      }
    },
    "node_modules/@types/lodash": {
      "version": "4.14.184",
      "license": "MIT"
    },
    "node_modules/@types/lodash.clonedeep": {
      "version": "4.5.7",
      "license": "MIT",
      "dependencies": {
        "@types/lodash": "*"
      }
    },
    "node_modules/big.js": {
      "version": "6.2.1",
      "license": "MIT",
      "engines": {
        "node": "*"
      },
      "funding": {
        "type": "opencollective",
        "url": "https://opencollective.com/bigjs"
      }
    },
    "node_modules/bulma": {
      "version": "0.9.4",
      "license": "MIT"
    },
    "node_modules/date-fns": {
      "version": "2.29.2",
      "license": "MIT",
      "engines": {
        "node": ">=0.11"
      },
      "funding": {
        "type": "opencollective",
        "url": "https://opencollective.com/date-fns"
      }
    },
    "node_modules/filesize.js": {
      "version": "2.0.0",
      "license": "MIT"
    },
    "node_modules/lodash.camelcase": {
      "version": "4.3.0",
      "license": "MIT"
    },
    "node_modules/lodash.capitalize": {
      "version": "4.2.1",
      "license": "MIT"
    },
    "node_modules/lodash.clonedeep": {
      "version": "4.5.0",
      "license": "MIT"
    },
    "node_modules/lodash.isarray": {
      "version": "4.0.0",
      "license": "MIT"
    },
    "node_modules/lodash.isboolean": {
      "version": "3.0.3",
      "license": "MIT"
    },
    "node_modules/lodash.isdate": {
      "version": "4.0.1",
      "license": "MIT"
    },
    "node_modules/lodash.isempty": {
      "version": "4.4.0",
      "license": "MIT"
    },
    "node_modules/lodash.isequal": {
      "version": "4.5.0",
      "license": "MIT"
    },
    "node_modules/lodash.isnan": {
      "version": "3.0.2",
      "license": "MIT"
    },
    "node_modules/lodash.isnil": {
      "version": "4.0.0",
      "license": "MIT"
    },
    "node_modules/lodash.isnumber": {
      "version": "3.0.3",
      "license": "MIT"
    },
    "node_modules/lodash.isobject": {
      "version": "3.0.2",
      "license": "MIT"
    },
    "node_modules/lodash.isstring": {
      "version": "4.0.1",
      "license": "MIT"
    },
    "node_modules/lodash.padstart": {
      "version": "4.6.1",
      "license": "MIT"
    },
    "node_modules/lodash.round": {
      "version": "4.0.4",
      "license": "MIT"
    },
    "node_modules/lodash.upperfirst": {
      "version": "4.3.1",
      "license": "MIT"
    },
    "node_modules/lottie-colorify": {
      "version": "0.8.0",
      "license": "MIT",
      "dependencies": {
        "@types/lodash.clonedeep": "^4.5.6",
        "lodash.clonedeep": "^4.5.0"
      }
    },
    "node_modules/lottie-web": {
      "version": "5.8.1",
      "license": "MIT"
    }
  },
  "dependencies": {
    "@baloise/web-app-utils": {
      "version": "3.6.2",
      "requires": {
        "date-fns": "^2.28.0",
        "lodash.camelcase": "^4.3.0",
        "lodash.isarray": "^4.0.0",
        "lodash.isboolean": "^3.0.3",
        "lodash.isdate": "^4.0.1",
        "lodash.isequal": "^4.5.0",
        "lodash.isnan": "^3.0.2",
        "lodash.isnil": "^4.0.0",
        "lodash.isnumber": "^3.0.3",
        "lodash.isobject": "^3.0.2",
        "lodash.isstring": "^4.0.1",
        "lodash.padstart": "^4.6.1",
        "lodash.upperfirst": "^4.3.1"
      }
    },
    "@popperjs/core": {
      "version": "2.11.6"
    },
    "@stencil/core": {
      "version": "2.16.1"
    },
    "@types/lodash": {
      "version": "4.14.184"
    },
    "@types/lodash.clonedeep": {
      "version": "4.5.7",
      "requires": {
        "@types/lodash": "*"
      }
    },
    "big.js": {
      "version": "6.2.1"
    },
    "bulma": {
      "version": "0.9.4"
    },
    "date-fns": {
      "version": "2.29.2"
    },
    "filesize.js": {
      "version": "2.0.0"
    },
    "lodash.camelcase": {
      "version": "4.3.0"
    },
    "lodash.capitalize": {
      "version": "4.2.1"
    },
    "lodash.clonedeep": {
      "version": "4.5.0"
    },
    "lodash.isarray": {
      "version": "4.0.0"
    },
    "lodash.isboolean": {
      "version": "3.0.3"
    },
    "lodash.isdate": {
      "version": "4.0.1"
    },
    "lodash.isempty": {
      "version": "4.4.0"
    },
    "lodash.isequal": {
      "version": "4.5.0"
    },
    "lodash.isnan": {
      "version": "3.0.2"
    },
    "lodash.isnil": {
      "version": "4.0.0"
    },
    "lodash.isnumber": {
      "version": "3.0.3"
    },
    "lodash.isobject": {
      "version": "3.0.2"
    },
    "lodash.isstring": {
      "version": "4.0.1"
    },
    "lodash.padstart": {
      "version": "4.6.1"
    },
    "lodash.round": {
      "version": "4.0.4"
    },
    "lodash.upperfirst": {
      "version": "4.3.1"
    },
    "lottie-colorify": {
      "version": "0.8.0",
      "requires": {
        "@types/lodash.clonedeep": "^4.5.6",
        "lodash.clonedeep": "^4.5.0"
      }
    },
    "lottie-web": {
      "version": "5.8.1"
    }
  }
}
