{
  "name": "@baloise/design-system-next-testing",
  "version": "10.22.0",
  "lockfileVersion": 2,
  "requires": true,
  "packages": {
    "": {
      "name": "@baloise/design-system-next-testing",
      "version": "10.21.2",
      "license": "Apache-2.0",
      "dependencies": {
        "date-fns": "~2.29.1"
      }
    },
    "../components": {
      "name": "@baloise/design-system-next-components",
      "version": "10.20.2",
      "extraneous": true,
      "license": "Apache-2.0",
      "dependencies": {
        "@baloise/web-app-utils": "~3.6.1",
        "@popperjs/core": "~2.11.4",
        "@stencil/core": "~2.16.1",
        "big.js": "~6.2.1",
        "bulma": "~0.9.3",
        "date-fns": "~2.29.1",
        "filesize.js": "~2.0.0",
        "lodash.camelcase": "~4.3.0",
        "lodash.capitalize": "~4.2.1",
        "lodash.isarray": "~4.0.0",
        "lodash.isempty": "~4.4.0",
        "lodash.isnan": "~3.0.2",
        "lodash.isnil": "~4.0.0",
        "lodash.isstring": "~4.0.1",
        "lodash.padstart": "~4.6.1",
        "lodash.round": "~4.0.4",
        "lodash.upperfirst": "~4.3.1",
        "lottie-colorify": "0.8.0",
        "lottie-web": "5.8.1"
      }
    },
    "../css": {
      "name": "@baloise/design-system-next-css",
      "version": "10.20.2",
      "extraneous": true,
      "license": "Apache-2.0",
      "devDependencies": {
        "bulma": "~0.9.3",
        "copyfiles": "~2.4.1",
        "minireset.css": "~0.0.7",
        "normalize.css": "~8.0.1"
      }
    },
    "../fonts": {
      "name": "@baloise/design-system-next-fonts",
      "version": "10.20.2",
      "extraneous": true,
      "license": "Apache-2.0"
    },
    "../icons": {
      "name": "@baloise/design-system-next-icons",
      "version": "10.20.2",
      "extraneous": true,
      "license": "Apache-2.0"
    },
    "../output-targets/angular": {
      "name": "@baloise/design-system-next-output-target-angular",
      "version": "10.20.2",
      "extraneous": true,
      "license": "Apache-2.0",
      "peerDependencies": {
        "@angular/common": ">=12.2.16",
        "@angular/core": ">=12.2.16",
        "@angular/forms": ">=12.2.16",
        "@angular/platform-browser": ">=12.2.16",
        "@stencil/core": "^2.9.0",
        "zone.js": ">=0.11.4"
      }
    },
    "../output-targets/react": {
      "name": "@baloise/design-system-next-output-target-react",
      "version": "10.20.2",
      "extraneous": true,
      "peerDependencies": {
        "@stencil/core": "^2.9.0",
        "react": "~17.0.2",
        "react-dom": "~17.0.2"
      }
    },
    "../output-targets/vue": {
      "name": "@baloise/design-system-next-output-target-vue",
      "version": "10.20.2",
      "extraneous": true,
      "peerDependencies": {
        "@stencil/core": "^2.9.0",
        "vue": "^3.2.37"
      }
    },
    "../tokens": {
      "name": "@baloise/design-system-next-tokens",
      "version": "10.20.2",
      "extraneous": true,
      "license": "Apache-2.0"
    },
    "node_modules/date-fns": {
      "version": "2.29.2",
      "license": "MIT",
      "engines": {
        "node": ">=0.11"
      },
      "funding": {
        "type": "opencollective",
        "url": "https://opencollective.com/date-fns"
      }
    }
  },
  "dependencies": {
    "date-fns": {
      "version": "2.29.2"
    }
  }
}
