{
  "name": "@baloise/design-system-next-testing",
  "version": "10.21.2",
  "lockfileVersion": 2,
  "requires": true,
  "packages": {
    "": {
      "name": "@baloise/design-system-next-testing",
      "version": "10.21.1",
      "license": "Apache-2.0",
      "dependencies": {
        "@baloise/design-system-next-components": "10.21.1",
        "date-fns": "~2.29.1"
      }
    },
    "../components": {
      "name": "@baloise/design-system-next-components",
      "version": "10.20.2",
      "extraneous": true,
      "license": "Apache-2.0",
      "dependencies": {
        "@baloise/web-app-utils": "~3.6.1",
        "@popperjs/core": "~2.11.4",
        "@stencil/core": "~2.16.1",
        "big.js": "~6.2.1",
        "bulma": "~0.9.3",
        "date-fns": "~2.29.1",
        "filesize.js": "~2.0.0",
        "lodash.camelcase": "~4.3.0",
        "lodash.capitalize": "~4.2.1",
        "lodash.isarray": "~4.0.0",
        "lodash.isempty": "~4.4.0",
        "lodash.isnan": "~3.0.2",
        "lodash.isnil": "~4.0.0",
        "lodash.isstring": "~4.0.1",
        "lodash.padstart": "~4.6.1",
        "lodash.round": "~4.0.4",
        "lodash.upperfirst": "~4.3.1",
        "lottie-colorify": "0.8.0",
        "lottie-web": "5.8.1"
      }
    },
    "../css": {
      "name": "@baloise/design-system-next-css",
      "version": "10.20.2",
      "extraneous": true,
      "license": "Apache-2.0",
      "devDependencies": {
        "bulma": "~0.9.3",
        "copyfiles": "~2.4.1",
        "minireset.css": "~0.0.7",
        "normalize.css": "~8.0.1"
      }
    },
    "../fonts": {
      "name": "@baloise/design-system-next-fonts",
      "version": "10.20.2",
      "extraneous": true,
      "license": "Apache-2.0"
    },
    "../icons": {
      "name": "@baloise/design-system-next-icons",
      "version": "10.20.2",
      "extraneous": true,
      "license": "Apache-2.0"
    },
    "../output-targets/angular": {
      "name": "@baloise/design-system-next-output-target-angular",
      "version": "10.20.2",
      "extraneous": true,
      "license": "Apache-2.0",
      "peerDependencies": {
        "@angular/common": ">=12.2.16",
        "@angular/core": ">=12.2.16",
        "@angular/forms": ">=12.2.16",
        "@angular/platform-browser": ">=12.2.16",
        "@stencil/core": "^2.9.0",
        "zone.js": ">=0.11.4"
      }
    },
    "../output-targets/react": {
      "name": "@baloise/design-system-next-output-target-react",
      "version": "10.20.2",
      "extraneous": true,
      "peerDependencies": {
        "@stencil/core": "^2.9.0",
        "react": "~17.0.2",
        "react-dom": "~17.0.2"
      }
    },
    "../output-targets/vue": {
      "name": "@baloise/design-system-next-output-target-vue",
      "version": "10.20.2",
      "extraneous": true,
      "peerDependencies": {
        "@stencil/core": "^2.9.0",
        "vue": "^3.2.37"
      }
    },
    "../tokens": {
      "name": "@baloise/design-system-next-tokens",
      "version": "10.20.2",
      "extraneous": true,
      "license": "Apache-2.0"
    },
    "node_modules/@baloise/design-system-next-components": {
      "version": "10.21.1",
      "resolved": "https://registry.npmjs.org/@baloise/design-system-next-components/-/design-system-next-components-10.21.1.tgz",
      "integrity": "sha512-4DR2xQDzdBcnCoZCYDAKKf6Pq42Lv5+HFEBLN82xqbTc0WiYruE7I7IIwXJd27/jIYqVF9lRFugd0UdYCHAksw==",
      "dependencies": {
        "@baloise/design-system-next-css": "10.21.1",
        "@baloise/design-system-next-fonts": "10.21.1",
        "@baloise/design-system-next-icons": "10.21.1",
        "@baloise/design-system-next-tokens": "10.21.1",
        "@baloise/web-app-utils": "~3.6.1",
        "@popperjs/core": "~2.11.4",
        "@stencil/core": "~2.16.1",
        "big.js": "~6.2.1",
        "bulma": "~0.9.3",
        "date-fns": "~2.29.1",
        "filesize.js": "~2.0.0",
        "lodash.camelcase": "~4.3.0",
        "lodash.capitalize": "~4.2.1",
        "lodash.isarray": "~4.0.0",
        "lodash.isempty": "~4.4.0",
        "lodash.isnan": "~3.0.2",
        "lodash.isnil": "~4.0.0",
        "lodash.isstring": "~4.0.1",
        "lodash.padstart": "~4.6.1",
        "lodash.round": "~4.0.4",
        "lodash.upperfirst": "~4.3.1",
        "lottie-colorify": "0.8.0",
        "lottie-web": "5.8.1"
      }
    },
    "node_modules/@baloise/design-system-next-css": {
      "version": "10.21.1",
      "resolved": "https://registry.npmjs.org/@baloise/design-system-next-css/-/design-system-next-css-10.21.1.tgz",
      "integrity": "sha512-znWl8LiueMyhAuMm5y6hPRbJd28ABDbTGmT27ixmCtNW4ba+zp+NAnPUrwj2VxyVanKIiTEsSCyaMpZVrsZs3w==",
      "dependencies": {
        "@baloise/design-system-next-fonts": "10.21.1",
        "@baloise/design-system-next-tokens": "10.21.1"
      }
    },
    "node_modules/@baloise/design-system-next-fonts": {
      "version": "10.21.1",
      "resolved": "https://registry.npmjs.org/@baloise/design-system-next-fonts/-/design-system-next-fonts-10.21.1.tgz",
      "integrity": "sha512-7px39EXVo5tIB78G8Wf15dNh68VSwrgUG8Fdr/GoahfkqrQVYXtrKJUtbE/4SPoq5CHOTYQ7q9nEdWJc5Wcf0Q=="
    },
    "node_modules/@baloise/design-system-next-icons": {
      "version": "10.21.1",
      "resolved": "https://registry.npmjs.org/@baloise/design-system-next-icons/-/design-system-next-icons-10.21.1.tgz",
      "integrity": "sha512-krxZIBsVNMy4cVmPLG34ItJWCT2Kuv10EBibpFwmjeYKxTilyoLj3IpUBckToD/Krh+EM1nH4ncQ6oe16pyreA=="
    },
    "node_modules/@baloise/design-system-next-tokens": {
      "version": "10.21.1",
      "resolved": "https://registry.npmjs.org/@baloise/design-system-next-tokens/-/design-system-next-tokens-10.21.1.tgz",
      "integrity": "sha512-u9DyTcXD65XS8wXHAeR57CGzCj33POryx/qC1HOiNw1QZS3U1EkabNiN5+gKhmGchCio3VHjzkD4vElHCqq6Qw=="
    },
    "node_modules/@baloise/web-app-utils": {
      "version": "3.6.2",
      "resolved": "https://registry.npmjs.org/@baloise/web-app-utils/-/web-app-utils-3.6.2.tgz",
      "integrity": "sha512-iz8vo/h6zL2mWHG6B72c9SRVF0aFP/WVY62PNUXGp063+iRm0EE/6h0lEAKd7IYKI3hNcCypd9eie29lL0Bqog==",
      "dependencies": {
        "date-fns": "^2.28.0",
        "lodash.camelcase": "^4.3.0",
        "lodash.isarray": "^4.0.0",
        "lodash.isboolean": "^3.0.3",
        "lodash.isdate": "^4.0.1",
        "lodash.isequal": "^4.5.0",
        "lodash.isnan": "^3.0.2",
        "lodash.isnil": "^4.0.0",
        "lodash.isnumber": "^3.0.3",
        "lodash.isobject": "^3.0.2",
        "lodash.isstring": "^4.0.1",
        "lodash.padstart": "^4.6.1",
        "lodash.upperfirst": "^4.3.1"
      }
    },
    "node_modules/@popperjs/core": {
      "version": "2.11.6",
      "resolved": "https://registry.npmjs.org/@popperjs/core/-/core-2.11.6.tgz",
      "integrity": "sha512-50/17A98tWUfQ176raKiOGXuYpLyyVMkxxG6oylzL3BPOlA6ADGdK7EYunSa4I064xerltq9TGXs8HmOk5E+vw==",
      "funding": {
        "type": "opencollective",
        "url": "https://opencollective.com/popperjs"
      }
    },
    "node_modules/@stencil/core": {
      "version": "2.16.1",
      "resolved": "https://registry.npmjs.org/@stencil/core/-/core-2.16.1.tgz",
      "integrity": "sha512-s/UJp9qxExL3DyQPT70kiuWeb3AdjbUZM+5lEIXn30I2DLcLYPOPXfsoWJODieQywq+3vPiLZeIdkoqjf6jcSw==",
      "bin": {
        "stencil": "bin/stencil"
      },
      "engines": {
        "node": ">=12.10.0",
        "npm": ">=6.0.0"
      }
    },
    "node_modules/@types/lodash": {
      "version": "4.14.184",
      "resolved": "https://registry.npmjs.org/@types/lodash/-/lodash-4.14.184.tgz",
      "integrity": "sha512-RoZphVtHbxPZizt4IcILciSWiC6dcn+eZ8oX9IWEYfDMcocdd42f7NPI6fQj+6zI8y4E0L7gu2pcZKLGTRaV9Q=="
    },
    "node_modules/@types/lodash.clonedeep": {
      "version": "4.5.7",
      "resolved": "https://registry.npmjs.org/@types/lodash.clonedeep/-/lodash.clonedeep-4.5.7.tgz",
      "integrity": "sha512-ccNqkPptFIXrpVqUECi60/DFxjNKsfoQxSQsgcBJCX/fuX1wgyQieojkcWH/KpE3xzLoWN/2k+ZeGqIN3paSvw==",
      "dependencies": {
        "@types/lodash": "*"
      }
    },
    "node_modules/big.js": {
      "version": "6.2.1",
      "resolved": "https://registry.npmjs.org/big.js/-/big.js-6.2.1.tgz",
      "integrity": "sha512-bCtHMwL9LeDIozFn+oNhhFoq+yQ3BNdnsLSASUxLciOb1vgvpHsIO1dsENiGMgbb4SkP5TrzWzRiLddn8ahVOQ==",
      "engines": {
        "node": "*"
      },
      "funding": {
        "type": "opencollective",
        "url": "https://opencollective.com/bigjs"
      }
    },
    "node_modules/bulma": {
      "version": "0.9.4",
      "resolved": "https://registry.npmjs.org/bulma/-/bulma-0.9.4.tgz",
      "integrity": "sha512-86FlT5+1GrsgKbPLRRY7cGDg8fsJiP/jzTqXXVqiUZZ2aZT8uemEOHlU1CDU+TxklPEZ11HZNNWclRBBecP4CQ=="
    },
    "node_modules/date-fns": {
      "version": "2.29.2",
      "license": "MIT",
      "engines": {
        "node": ">=0.11"
      },
      "funding": {
        "type": "opencollective",
        "url": "https://opencollective.com/date-fns"
      }
    },
    "node_modules/filesize.js": {
      "version": "2.0.0",
      "resolved": "https://registry.npmjs.org/filesize.js/-/filesize.js-2.0.0.tgz",
      "integrity": "sha512-dOngzfsRfjwTQkG3UPY3GI+OqbBj4mO1UW1FoDYN2SF/p7hACKXHKGjgA62ug4KtORXcXdlEKOXrgfzt+qB2Nw=="
    },
    "node_modules/lodash.camelcase": {
      "version": "4.3.0",
      "resolved": "https://registry.npmjs.org/lodash.camelcase/-/lodash.camelcase-4.3.0.tgz",
      "integrity": "sha512-TwuEnCnxbc3rAvhf/LbG7tJUDzhqXyFnv3dtzLOPgCG/hODL7WFnsbwktkD7yUV0RrreP/l1PALq/YSg6VvjlA=="
    },
    "node_modules/lodash.capitalize": {
      "version": "4.2.1",
      "resolved": "https://registry.npmjs.org/lodash.capitalize/-/lodash.capitalize-4.2.1.tgz",
      "integrity": "sha512-kZzYOKspf8XVX5AvmQF94gQW0lejFVgb80G85bU4ZWzoJ6C03PQg3coYAUpSTpQWelrZELd3XWgHzw4Ck5kaIw=="
    },
    "node_modules/lodash.clonedeep": {
      "version": "4.5.0",
      "resolved": "https://registry.npmjs.org/lodash.clonedeep/-/lodash.clonedeep-4.5.0.tgz",
      "integrity": "sha512-H5ZhCF25riFd9uB5UCkVKo61m3S/xZk1x4wA6yp/L3RFP6Z/eHH1ymQcGLo7J3GMPfm0V/7m1tryHuGVxpqEBQ=="
    },
    "node_modules/lodash.isarray": {
      "version": "4.0.0",
      "resolved": "https://registry.npmjs.org/lodash.isarray/-/lodash.isarray-4.0.0.tgz",
      "integrity": "sha512-V8ViWvoNlXpCrB6Ewaj3ScRXUpmCvqp4tJUxa3dlovuJj/8lp3SND5Kw4v5OeuHgoyw4qJN+gl36qZqp6WYQ6g==",
      "deprecated": "This package is deprecated. Use Array.isArray."
    },
    "node_modules/lodash.isboolean": {
      "version": "3.0.3",
      "resolved": "https://registry.npmjs.org/lodash.isboolean/-/lodash.isboolean-3.0.3.tgz",
      "integrity": "sha512-Bz5mupy2SVbPHURB98VAcw+aHh4vRV5IPNhILUCsOzRmsTmSQ17jIuqopAentWoehktxGd9e/hbIXq980/1QJg=="
    },
    "node_modules/lodash.isdate": {
      "version": "4.0.1",
      "resolved": "https://registry.npmjs.org/lodash.isdate/-/lodash.isdate-4.0.1.tgz",
      "integrity": "sha512-hg5B1GD+R9egsBgMwmAhk+V53Us03TVvXT4dnyKugEfsD4QKuG9Wlyvxq8OGy2nu7qVGsh4DRSnMk33hoWBq/Q=="
    },
    "node_modules/lodash.isempty": {
      "version": "4.4.0",
      "resolved": "https://registry.npmjs.org/lodash.isempty/-/lodash.isempty-4.4.0.tgz",
      "integrity": "sha512-oKMuF3xEeqDltrGMfDxAPGIVMSSRv8tbRSODbrs4KGsRRLEhrW8N8Rd4DRgB2+621hY8A8XwwrTVhXWpxFvMzg=="
    },
    "node_modules/lodash.isequal": {
      "version": "4.5.0",
      "resolved": "https://registry.npmjs.org/lodash.isequal/-/lodash.isequal-4.5.0.tgz",
      "integrity": "sha512-pDo3lu8Jhfjqls6GkMgpahsF9kCyayhgykjyLMNFTKWrpVdAQtYyB4muAMWozBB4ig/dtWAmsMxLEI8wuz+DYQ=="
    },
    "node_modules/lodash.isnan": {
      "version": "3.0.2",
      "resolved": "https://registry.npmjs.org/lodash.isnan/-/lodash.isnan-3.0.2.tgz",
      "integrity": "sha512-zduioV6njyRsie8qtuS85u7B8xJWi3HjUc1klVoRdeghA5prG13xbUNNcCJ1Cxwa4FyjJVnkL5hDopCVh2ng4g=="
    },
    "node_modules/lodash.isnil": {
      "version": "4.0.0",
      "resolved": "https://registry.npmjs.org/lodash.isnil/-/lodash.isnil-4.0.0.tgz",
      "integrity": "sha512-up2Mzq3545mwVnMhTDMdfoG1OurpA/s5t88JmQX809eH3C8491iu2sfKhTfhQtKY78oPNhiaHJUpT/dUDAAtng=="
    },
    "node_modules/lodash.isnumber": {
      "version": "3.0.3",
      "resolved": "https://registry.npmjs.org/lodash.isnumber/-/lodash.isnumber-3.0.3.tgz",
      "integrity": "sha512-QYqzpfwO3/CWf3XP+Z+tkQsfaLL/EnUlXWVkIk5FUPc4sBdTehEqZONuyRt2P67PXAk+NXmTBcc97zw9t1FQrw=="
    },
    "node_modules/lodash.isobject": {
      "version": "3.0.2",
      "resolved": "https://registry.npmjs.org/lodash.isobject/-/lodash.isobject-3.0.2.tgz",
      "integrity": "sha512-3/Qptq2vr7WeJbB4KHUSKlq8Pl7ASXi3UG6CMbBm8WRtXi8+GHm7mKaU3urfpSEzWe2wCIChs6/sdocUsTKJiA=="
    },
    "node_modules/lodash.isstring": {
      "version": "4.0.1",
      "resolved": "https://registry.npmjs.org/lodash.isstring/-/lodash.isstring-4.0.1.tgz",
      "integrity": "sha512-0wJxfxH1wgO3GrbuP+dTTk7op+6L41QCXbGINEmD+ny/G/eCqGzxyCsh7159S+mgDDcoarnBw6PC1PS5+wUGgw=="
    },
    "node_modules/lodash.padstart": {
      "version": "4.6.1",
      "resolved": "https://registry.npmjs.org/lodash.padstart/-/lodash.padstart-4.6.1.tgz",
      "integrity": "sha512-sW73O6S8+Tg66eY56DBk85aQzzUJDtpoXFBgELMd5P/SotAguo+1kYO6RuYgXxA4HJH3LFTFPASX6ET6bjfriw=="
    },
    "node_modules/lodash.round": {
      "version": "4.0.4",
      "resolved": "https://registry.npmjs.org/lodash.round/-/lodash.round-4.0.4.tgz",
      "integrity": "sha512-dzDLNwFMXbjN1pEC0LgLPKVOI5o2DOpBx+oGxWthVE+a9mlV3rEdvoz2i3se/ico4Y3G62Yg3/e1fcp/GMu2lQ=="
    },
    "node_modules/lodash.upperfirst": {
      "version": "4.3.1",
      "resolved": "https://registry.npmjs.org/lodash.upperfirst/-/lodash.upperfirst-4.3.1.tgz",
      "integrity": "sha512-sReKOYJIJf74dhJONhU4e0/shzi1trVbSWDOhKYE5XV2O+H7Sb2Dihwuc7xWxVl+DgFPyTqIN3zMfT9cq5iWDg=="
    },
    "node_modules/lottie-colorify": {
      "version": "0.8.0",
      "resolved": "https://registry.npmjs.org/lottie-colorify/-/lottie-colorify-0.8.0.tgz",
      "integrity": "sha512-xvaKRYiRMR5wWgUksZ2LsUOkQILhVnAPAUPmYSTjGMOK1m1DOHOyzYSfCKZBURiqhFb+VokkHfMWDKg3ffCXTw==",
      "dependencies": {
        "@types/lodash.clonedeep": "^4.5.6",
        "lodash.clonedeep": "^4.5.0"
      }
    },
    "node_modules/lottie-web": {
      "version": "5.8.1",
      "resolved": "https://registry.npmjs.org/lottie-web/-/lottie-web-5.8.1.tgz",
      "integrity": "sha512-9gIizWADlaHC2GCt+D+yNpk5l2clZQFqnVWWIVdY0LnxC/uLa39dYltAe3fcmC/hrZ2IUQ8dLlY0O934Npjs7Q=="
    }
  },
  "dependencies": {
    "@baloise/design-system-next-components": {
      "version": "10.21.1",
      "resolved": "https://registry.npmjs.org/@baloise/design-system-next-components/-/design-system-next-components-10.21.1.tgz",
      "integrity": "sha512-4DR2xQDzdBcnCoZCYDAKKf6Pq42Lv5+HFEBLN82xqbTc0WiYruE7I7IIwXJd27/jIYqVF9lRFugd0UdYCHAksw==",
      "requires": {
        "@baloise/design-system-next-css": "10.21.1",
        "@baloise/design-system-next-fonts": "10.21.1",
        "@baloise/design-system-next-icons": "10.21.1",
        "@baloise/design-system-next-tokens": "10.21.1",
        "@baloise/web-app-utils": "~3.6.1",
        "@popperjs/core": "~2.11.4",
        "@stencil/core": "~2.16.1",
        "big.js": "~6.2.1",
        "bulma": "~0.9.3",
        "date-fns": "~2.29.1",
        "filesize.js": "~2.0.0",
        "lodash.camelcase": "~4.3.0",
        "lodash.capitalize": "~4.2.1",
        "lodash.isarray": "~4.0.0",
        "lodash.isempty": "~4.4.0",
        "lodash.isnan": "~3.0.2",
        "lodash.isnil": "~4.0.0",
        "lodash.isstring": "~4.0.1",
        "lodash.padstart": "~4.6.1",
        "lodash.round": "~4.0.4",
        "lodash.upperfirst": "~4.3.1",
        "lottie-colorify": "0.8.0",
        "lottie-web": "5.8.1"
      }
    },
    "@baloise/design-system-next-css": {
      "version": "10.21.1",
      "resolved": "https://registry.npmjs.org/@baloise/design-system-next-css/-/design-system-next-css-10.21.1.tgz",
      "integrity": "sha512-znWl8LiueMyhAuMm5y6hPRbJd28ABDbTGmT27ixmCtNW4ba+zp+NAnPUrwj2VxyVanKIiTEsSCyaMpZVrsZs3w==",
      "requires": {
        "@baloise/design-system-next-fonts": "10.21.1",
        "@baloise/design-system-next-tokens": "10.21.1"
      }
    },
    "@baloise/design-system-next-fonts": {
      "version": "10.21.1",
      "resolved": "https://registry.npmjs.org/@baloise/design-system-next-fonts/-/design-system-next-fonts-10.21.1.tgz",
      "integrity": "sha512-7px39EXVo5tIB78G8Wf15dNh68VSwrgUG8Fdr/GoahfkqrQVYXtrKJUtbE/4SPoq5CHOTYQ7q9nEdWJc5Wcf0Q=="
    },
    "@baloise/design-system-next-icons": {
      "version": "10.21.1",
      "resolved": "https://registry.npmjs.org/@baloise/design-system-next-icons/-/design-system-next-icons-10.21.1.tgz",
      "integrity": "sha512-krxZIBsVNMy4cVmPLG34ItJWCT2Kuv10EBibpFwmjeYKxTilyoLj3IpUBckToD/Krh+EM1nH4ncQ6oe16pyreA=="
    },
    "@baloise/design-system-next-tokens": {
      "version": "10.21.1",
      "resolved": "https://registry.npmjs.org/@baloise/design-system-next-tokens/-/design-system-next-tokens-10.21.1.tgz",
      "integrity": "sha512-u9DyTcXD65XS8wXHAeR57CGzCj33POryx/qC1HOiNw1QZS3U1EkabNiN5+gKhmGchCio3VHjzkD4vElHCqq6Qw=="
    },
    "@baloise/web-app-utils": {
      "version": "3.6.2",
      "resolved": "https://registry.npmjs.org/@baloise/web-app-utils/-/web-app-utils-3.6.2.tgz",
      "integrity": "sha512-iz8vo/h6zL2mWHG6B72c9SRVF0aFP/WVY62PNUXGp063+iRm0EE/6h0lEAKd7IYKI3hNcCypd9eie29lL0Bqog==",
      "requires": {
        "date-fns": "^2.28.0",
        "lodash.camelcase": "^4.3.0",
        "lodash.isarray": "^4.0.0",
        "lodash.isboolean": "^3.0.3",
        "lodash.isdate": "^4.0.1",
        "lodash.isequal": "^4.5.0",
        "lodash.isnan": "^3.0.2",
        "lodash.isnil": "^4.0.0",
        "lodash.isnumber": "^3.0.3",
        "lodash.isobject": "^3.0.2",
        "lodash.isstring": "^4.0.1",
        "lodash.padstart": "^4.6.1",
        "lodash.upperfirst": "^4.3.1"
      }
    },
    "@popperjs/core": {
      "version": "2.11.6",
      "resolved": "https://registry.npmjs.org/@popperjs/core/-/core-2.11.6.tgz",
      "integrity": "sha512-50/17A98tWUfQ176raKiOGXuYpLyyVMkxxG6oylzL3BPOlA6ADGdK7EYunSa4I064xerltq9TGXs8HmOk5E+vw=="
    },
    "@stencil/core": {
      "version": "2.16.1",
      "resolved": "https://registry.npmjs.org/@stencil/core/-/core-2.16.1.tgz",
      "integrity": "sha512-s/UJp9qxExL3DyQPT70kiuWeb3AdjbUZM+5lEIXn30I2DLcLYPOPXfsoWJODieQywq+3vPiLZeIdkoqjf6jcSw=="
    },
    "@types/lodash": {
      "version": "4.14.184",
      "resolved": "https://registry.npmjs.org/@types/lodash/-/lodash-4.14.184.tgz",
      "integrity": "sha512-RoZphVtHbxPZizt4IcILciSWiC6dcn+eZ8oX9IWEYfDMcocdd42f7NPI6fQj+6zI8y4E0L7gu2pcZKLGTRaV9Q=="
    },
    "@types/lodash.clonedeep": {
      "version": "4.5.7",
      "resolved": "https://registry.npmjs.org/@types/lodash.clonedeep/-/lodash.clonedeep-4.5.7.tgz",
      "integrity": "sha512-ccNqkPptFIXrpVqUECi60/DFxjNKsfoQxSQsgcBJCX/fuX1wgyQieojkcWH/KpE3xzLoWN/2k+ZeGqIN3paSvw==",
      "requires": {
        "@types/lodash": "*"
      }
    },
    "big.js": {
      "version": "6.2.1",
      "resolved": "https://registry.npmjs.org/big.js/-/big.js-6.2.1.tgz",
      "integrity": "sha512-bCtHMwL9LeDIozFn+oNhhFoq+yQ3BNdnsLSASUxLciOb1vgvpHsIO1dsENiGMgbb4SkP5TrzWzRiLddn8ahVOQ=="
    },
    "bulma": {
      "version": "0.9.4",
      "resolved": "https://registry.npmjs.org/bulma/-/bulma-0.9.4.tgz",
      "integrity": "sha512-86FlT5+1GrsgKbPLRRY7cGDg8fsJiP/jzTqXXVqiUZZ2aZT8uemEOHlU1CDU+TxklPEZ11HZNNWclRBBecP4CQ=="
    },
    "date-fns": {
      "version": "2.29.2"
    },
    "filesize.js": {
      "version": "2.0.0",
      "resolved": "https://registry.npmjs.org/filesize.js/-/filesize.js-2.0.0.tgz",
      "integrity": "sha512-dOngzfsRfjwTQkG3UPY3GI+OqbBj4mO1UW1FoDYN2SF/p7hACKXHKGjgA62ug4KtORXcXdlEKOXrgfzt+qB2Nw=="
    },
    "lodash.camelcase": {
      "version": "4.3.0",
      "resolved": "https://registry.npmjs.org/lodash.camelcase/-/lodash.camelcase-4.3.0.tgz",
      "integrity": "sha512-TwuEnCnxbc3rAvhf/LbG7tJUDzhqXyFnv3dtzLOPgCG/hODL7WFnsbwktkD7yUV0RrreP/l1PALq/YSg6VvjlA=="
    },
    "lodash.capitalize": {
      "version": "4.2.1",
      "resolved": "https://registry.npmjs.org/lodash.capitalize/-/lodash.capitalize-4.2.1.tgz",
      "integrity": "sha512-kZzYOKspf8XVX5AvmQF94gQW0lejFVgb80G85bU4ZWzoJ6C03PQg3coYAUpSTpQWelrZELd3XWgHzw4Ck5kaIw=="
    },
    "lodash.clonedeep": {
      "version": "4.5.0",
      "resolved": "https://registry.npmjs.org/lodash.clonedeep/-/lodash.clonedeep-4.5.0.tgz",
      "integrity": "sha512-H5ZhCF25riFd9uB5UCkVKo61m3S/xZk1x4wA6yp/L3RFP6Z/eHH1ymQcGLo7J3GMPfm0V/7m1tryHuGVxpqEBQ=="
    },
    "lodash.isarray": {
      "version": "4.0.0",
      "resolved": "https://registry.npmjs.org/lodash.isarray/-/lodash.isarray-4.0.0.tgz",
      "integrity": "sha512-V8ViWvoNlXpCrB6Ewaj3ScRXUpmCvqp4tJUxa3dlovuJj/8lp3SND5Kw4v5OeuHgoyw4qJN+gl36qZqp6WYQ6g=="
    },
    "lodash.isboolean": {
      "version": "3.0.3",
      "resolved": "https://registry.npmjs.org/lodash.isboolean/-/lodash.isboolean-3.0.3.tgz",
      "integrity": "sha512-Bz5mupy2SVbPHURB98VAcw+aHh4vRV5IPNhILUCsOzRmsTmSQ17jIuqopAentWoehktxGd9e/hbIXq980/1QJg=="
    },
    "lodash.isdate": {
      "version": "4.0.1",
      "resolved": "https://registry.npmjs.org/lodash.isdate/-/lodash.isdate-4.0.1.tgz",
      "integrity": "sha512-hg5B1GD+R9egsBgMwmAhk+V53Us03TVvXT4dnyKugEfsD4QKuG9Wlyvxq8OGy2nu7qVGsh4DRSnMk33hoWBq/Q=="
    },
    "lodash.isempty": {
      "version": "4.4.0",
      "resolved": "https://registry.npmjs.org/lodash.isempty/-/lodash.isempty-4.4.0.tgz",
      "integrity": "sha512-oKMuF3xEeqDltrGMfDxAPGIVMSSRv8tbRSODbrs4KGsRRLEhrW8N8Rd4DRgB2+621hY8A8XwwrTVhXWpxFvMzg=="
    },
    "lodash.isequal": {
      "version": "4.5.0",
      "resolved": "https://registry.npmjs.org/lodash.isequal/-/lodash.isequal-4.5.0.tgz",
      "integrity": "sha512-pDo3lu8Jhfjqls6GkMgpahsF9kCyayhgykjyLMNFTKWrpVdAQtYyB4muAMWozBB4ig/dtWAmsMxLEI8wuz+DYQ=="
    },
    "lodash.isnan": {
      "version": "3.0.2",
      "resolved": "https://registry.npmjs.org/lodash.isnan/-/lodash.isnan-3.0.2.tgz",
      "integrity": "sha512-zduioV6njyRsie8qtuS85u7B8xJWi3HjUc1klVoRdeghA5prG13xbUNNcCJ1Cxwa4FyjJVnkL5hDopCVh2ng4g=="
    },
    "lodash.isnil": {
      "version": "4.0.0",
      "resolved": "https://registry.npmjs.org/lodash.isnil/-/lodash.isnil-4.0.0.tgz",
      "integrity": "sha512-up2Mzq3545mwVnMhTDMdfoG1OurpA/s5t88JmQX809eH3C8491iu2sfKhTfhQtKY78oPNhiaHJUpT/dUDAAtng=="
    },
    "lodash.isnumber": {
      "version": "3.0.3",
      "resolved": "https://registry.npmjs.org/lodash.isnumber/-/lodash.isnumber-3.0.3.tgz",
      "integrity": "sha512-QYqzpfwO3/CWf3XP+Z+tkQsfaLL/EnUlXWVkIk5FUPc4sBdTehEqZONuyRt2P67PXAk+NXmTBcc97zw9t1FQrw=="
    },
    "lodash.isobject": {
      "version": "3.0.2",
      "resolved": "https://registry.npmjs.org/lodash.isobject/-/lodash.isobject-3.0.2.tgz",
      "integrity": "sha512-3/Qptq2vr7WeJbB4KHUSKlq8Pl7ASXi3UG6CMbBm8WRtXi8+GHm7mKaU3urfpSEzWe2wCIChs6/sdocUsTKJiA=="
    },
    "lodash.isstring": {
      "version": "4.0.1",
      "resolved": "https://registry.npmjs.org/lodash.isstring/-/lodash.isstring-4.0.1.tgz",
      "integrity": "sha512-0wJxfxH1wgO3GrbuP+dTTk7op+6L41QCXbGINEmD+ny/G/eCqGzxyCsh7159S+mgDDcoarnBw6PC1PS5+wUGgw=="
    },
    "lodash.padstart": {
      "version": "4.6.1",
      "resolved": "https://registry.npmjs.org/lodash.padstart/-/lodash.padstart-4.6.1.tgz",
      "integrity": "sha512-sW73O6S8+Tg66eY56DBk85aQzzUJDtpoXFBgELMd5P/SotAguo+1kYO6RuYgXxA4HJH3LFTFPASX6ET6bjfriw=="
    },
    "lodash.round": {
      "version": "4.0.4",
      "resolved": "https://registry.npmjs.org/lodash.round/-/lodash.round-4.0.4.tgz",
      "integrity": "sha512-dzDLNwFMXbjN1pEC0LgLPKVOI5o2DOpBx+oGxWthVE+a9mlV3rEdvoz2i3se/ico4Y3G62Yg3/e1fcp/GMu2lQ=="
    },
    "lodash.upperfirst": {
      "version": "4.3.1",
      "resolved": "https://registry.npmjs.org/lodash.upperfirst/-/lodash.upperfirst-4.3.1.tgz",
      "integrity": "sha512-sReKOYJIJf74dhJONhU4e0/shzi1trVbSWDOhKYE5XV2O+H7Sb2Dihwuc7xWxVl+DgFPyTqIN3zMfT9cq5iWDg=="
    },
    "lottie-colorify": {
      "version": "0.8.0",
      "resolved": "https://registry.npmjs.org/lottie-colorify/-/lottie-colorify-0.8.0.tgz",
      "integrity": "sha512-xvaKRYiRMR5wWgUksZ2LsUOkQILhVnAPAUPmYSTjGMOK1m1DOHOyzYSfCKZBURiqhFb+VokkHfMWDKg3ffCXTw==",
      "requires": {
        "@types/lodash.clonedeep": "^4.5.6",
        "lodash.clonedeep": "^4.5.0"
      }
    },
    "lottie-web": {
      "version": "5.8.1",
      "resolved": "https://registry.npmjs.org/lottie-web/-/lottie-web-5.8.1.tgz",
      "integrity": "sha512-9gIizWADlaHC2GCt+D+yNpk5l2clZQFqnVWWIVdY0LnxC/uLa39dYltAe3fcmC/hrZ2IUQ8dLlY0O934Npjs7Q=="
    }
  }
}
