{
  "name": "docs-web",
  "version": "0.0.1",
  "lockfileVersion": 2,
  "requires": true,
  "packages": {
    "": {
      "name": "docs-web",
      "version": "0.0.1",
      "license": "MIT",
      "dependencies": {
        "@baloise/design-system-brand-icons": "14.1.0",
        "@baloise/design-system-components": "14.1.0",
        "@baloise/design-system-css": "14.1.0",
        "@baloise/design-system-icons": "14.1.0",
        "@baloise/design-system-tokens": "14.1.0"
      }
    },
    "node_modules/@baloise/design-system-brand-icons": {
      "version": "14.1.0",
      "resolved": "https://registry.npmjs.org/@baloise/design-system-brand-icons/-/design-system-brand-icons-14.1.0.tgz",
      "integrity": "sha512-jxEiHNhFoHqxp4k4ZOZMYfTekk9ddTVEjMYW6CrYxS4kJuw4ZeAa0wvzZNzYFyyXgwO/NvIkenkY2pRxhIQimA=="
    },
    "node_modules/@baloise/design-system-components": {
      "version": "14.1.0",
      "resolved": "https://registry.npmjs.org/@baloise/design-system-components/-/design-system-components-14.1.0.tgz",
      "integrity": "sha512-aG3pg4o36YR0VaNk7s85g7SFnJoPIDbpIKlt5sj5aBVPNRjMz5IlJ6ioJH2iXVl9y+q5h8xPab2SU7ptW5vDJQ==",
      "dependencies": {
        "@baloise/design-system-css": "14.1.0",
        "@baloise/design-system-fonts": "14.1.0",
        "@baloise/design-system-icons": "14.1.0",
        "@baloise/design-system-tokens": "14.1.0",
        "@baloise/web-app-utils": "3.11.2",
        "@floating-ui/dom": "^1.5.1",
        "@popperjs/core": "~2.11.4",
        "@stencil/core": "^3.2.2",
        "@types/luxon": "^3.3.0",
        "big.js": "~6.2.1",
        "contactjs": "2.1.6",
        "date-fns": "~2.29.3",
        "filesize.js": "~2.0.0",
        "lodash.camelcase": "~4.3.0",
        "lodash.capitalize": "~4.2.1",
        "lodash.isempty": "~4.4.0",
        "lodash.isfunction": "^3.0.9",
        "lodash.isnan": "~3.0.2",
        "lodash.isnil": "~4.0.0",
        "lodash.isstring": "~4.0.1",
        "lodash.padstart": "~4.6.1",
        "lodash.round": "~4.0.4",
        "lodash.upperfirst": "~4.3.1",
        "lottie-colorify": "0.8.0",
        "lottie-web": "5.8.1",
        "luxon": "^3.3.0",
        "tslib": "^2.1.0"
      }
    },
    "node_modules/@baloise/design-system-css": {
      "version": "14.1.0",
      "resolved": "https://registry.npmjs.org/@baloise/design-system-css/-/design-system-css-14.1.0.tgz",
      "integrity": "sha512-hJ8mMbdOGlAXn+xHl3jPQwfP/1h3TpM8z1C4fNOjz1hEGG3sevKEwBWXurozA2zM0dagJbzJWwsgo18Ljanqaw==",
      "dependencies": {
        "@baloise/design-system-fonts": "14.1.0",
        "@baloise/design-system-tokens": "14.1.0"
      }
    },
    "node_modules/@baloise/design-system-fonts": {
      "version": "14.1.0",
      "resolved": "https://registry.npmjs.org/@baloise/design-system-fonts/-/design-system-fonts-14.1.0.tgz",
      "integrity": "sha512-J8+DddwvI4nmuxhyb12wgE1bL1DV0PVRZYhb4vNmLhzzjldjJ2sh44RaewhCTFLASCNUluneiN0gjOcals6WoA=="
    },
    "node_modules/@baloise/design-system-icons": {
      "version": "14.1.0",
      "resolved": "https://registry.npmjs.org/@baloise/design-system-icons/-/design-system-icons-14.1.0.tgz",
      "integrity": "sha512-NjiSd1P97WL1OPX0HtzE42WIJbQIqeHz1n1I1HbljLsGKCiLZEnWL4o6+GOoNCBEj+Xt3qPJEq6ysrryNJjtRQ=="
    },
    "node_modules/@baloise/design-system-tokens": {
      "version": "14.1.0",
      "resolved": "https://registry.npmjs.org/@baloise/design-system-tokens/-/design-system-tokens-14.1.0.tgz",
      "integrity": "sha512-Qlaaf4KZlHqC15e0TFNg6aQtbR32ekoUTXWN27jfOjLanaKvWRwJ3874DIDH37QNd6S5S0u3gNIX2gfOaVnpRg=="
    },
    "node_modules/@baloise/web-app-utils": {
      "version": "3.11.2",
      "resolved": "https://registry.npmjs.org/@baloise/web-app-utils/-/web-app-utils-3.11.2.tgz",
      "integrity": "sha512-fgHv6p3EPbuYYanIvwTHAhx3Rj8mNYsIMKH5KRvbziYPauVrv+gbd9SWyXsxKO9Po13lMRcwExAh7rs+fNH2nA==",
      "dependencies": {
        "date-fns": "^2.28.0",
        "lodash.camelcase": "^4.3.0",
        "lodash.isboolean": "^3.0.3",
        "lodash.isdate": "^4.0.1",
        "lodash.isequal": "^4.5.0",
        "lodash.isnan": "^3.0.2",
        "lodash.isnil": "^4.0.0",
        "lodash.isnumber": "^3.0.3",
        "lodash.isobject": "^3.0.2",
        "lodash.isstring": "^4.0.1",
        "lodash.padstart": "^4.6.1",
        "lodash.upperfirst": "^4.3.1"
      }
    },
    "node_modules/@floating-ui/core": {
      "version": "1.5.0",
      "resolved": "https://registry.npmjs.org/@floating-ui/core/-/core-1.5.0.tgz",
      "integrity": "sha512-kK1h4m36DQ0UHGj5Ah4db7R0rHemTqqO0QLvUqi1/mUUp3LuAWbWxdxSIf/XsnH9VS6rRVPLJCncjRzUvyCLXg==",
      "dependencies": {
        "@floating-ui/utils": "^0.1.3"
      }
    },
    "node_modules/@floating-ui/dom": {
      "version": "1.5.3",
      "resolved": "https://registry.npmjs.org/@floating-ui/dom/-/dom-1.5.3.tgz",
      "integrity": "sha512-ClAbQnEqJAKCJOEbbLo5IUlZHkNszqhuxS4fHAVxRPXPya6Ysf2G8KypnYcOTpx6I8xcgF9bbHb6g/2KpbV8qA==",
      "dependencies": {
        "@floating-ui/core": "^1.4.2",
        "@floating-ui/utils": "^0.1.3"
      }
    },
    "node_modules/@floating-ui/utils": {
      "version": "0.1.4",
      "resolved": "https://registry.npmjs.org/@floating-ui/utils/-/utils-0.1.4.tgz",
      "integrity": "sha512-qprfWkn82Iw821mcKofJ5Pk9wgioHicxcQMxx+5zt5GSKoqdWvgG5AxVmpmUUjzTLPVSH5auBrhI93Deayn/DA=="
    },
    "node_modules/@popperjs/core": {
      "version": "2.11.8",
      "resolved": "https://registry.npmjs.org/@popperjs/core/-/core-2.11.8.tgz",
      "integrity": "sha512-P1st0aksCrn9sGZhp8GMYwBnQsbvAWsZAX44oXNNvLHGqAOcoVxmjZiohstwQ7SqKnbR47akdNi+uleWD8+g6A==",
      "funding": {
        "type": "opencollective",
        "url": "https://opencollective.com/popperjs"
      }
    },
    "node_modules/@stencil/core": {
      "version": "3.4.2",
      "resolved": "https://registry.npmjs.org/@stencil/core/-/core-3.4.2.tgz",
      "integrity": "sha512-FAUhUVaakCy29nU2GwO/HQBRV1ihPRvncz3PUc8oR+UJLAxGabTmP8PLY7wvHfbw+Cvi4VXfJFTBvdfDu6iKPQ==",
      "bin": {
        "stencil": "bin/stencil"
      },
      "engines": {
        "node": ">=14.10.0",
        "npm": ">=6.0.0"
      }
    },
    "node_modules/@types/lodash": {
      "version": "4.14.199",
      "resolved": "https://registry.npmjs.org/@types/lodash/-/lodash-4.14.199.tgz",
      "integrity": "sha512-Vrjz5N5Ia4SEzWWgIVwnHNEnb1UE1XMkvY5DGXrAeOGE9imk0hgTHh5GyDjLDJi9OTCn9oo9dXH1uToK1VRfrg=="
    },
    "node_modules/@types/lodash.clonedeep": {
      "version": "4.5.8",
      "resolved": "https://registry.npmjs.org/@types/lodash.clonedeep/-/lodash.clonedeep-4.5.8.tgz",
      "integrity": "sha512-I5toZLLfTvhnuAnejjVgSpBSLSC316bVURbI0sCYI0dKY3jaJgOg2arfPC6miTNnHRi/Tk/J6BB+kzT3iB5mcw==",
      "dependencies": {
        "@types/lodash": "*"
      }
    },
    "node_modules/@types/luxon": {
      "version": "3.3.3",
      "resolved": "https://registry.npmjs.org/@types/luxon/-/luxon-3.3.3.tgz",
      "integrity": "sha512-/BJF3NT0pRMuxrenr42emRUF67sXwcZCd+S1ksG/Fcf9O7C3kKCY4uJSbKBE4KDUIYr3WMsvfmWD8hRjXExBJQ=="
    },
    "node_modules/big.js": {
      "version": "6.2.1",
      "resolved": "https://registry.npmjs.org/big.js/-/big.js-6.2.1.tgz",
      "integrity": "sha512-bCtHMwL9LeDIozFn+oNhhFoq+yQ3BNdnsLSASUxLciOb1vgvpHsIO1dsENiGMgbb4SkP5TrzWzRiLddn8ahVOQ==",
      "engines": {
        "node": "*"
      },
      "funding": {
        "type": "opencollective",
        "url": "https://opencollective.com/bigjs"
      }
    },
    "node_modules/contactjs": {
      "version": "2.1.6",
      "resolved": "https://registry.npmjs.org/contactjs/-/contactjs-2.1.6.tgz",
      "integrity": "sha512-zaI9yCFNbY41bOb8amvvkED8QO41yGNCPfGhRjT65G+GPh6lEZzVYR8+GpvXpaC/X7+BhnlTiqPdz31R68ka8Q=="
    },
    "node_modules/date-fns": {
      "version": "2.29.3",
      "resolved": "https://registry.npmjs.org/date-fns/-/date-fns-2.29.3.tgz",
      "integrity": "sha512-dDCnyH2WnnKusqvZZ6+jA1O51Ibt8ZMRNkDZdyAyK4YfbDwa/cEmuztzG5pk6hqlp9aSBPYcjOlktquahGwGeA==",
      "engines": {
        "node": ">=0.11"
      },
      "funding": {
        "type": "opencollective",
        "url": "https://opencollective.com/date-fns"
      }
    },
    "node_modules/filesize.js": {
      "version": "2.0.0",
      "resolved": "https://registry.npmjs.org/filesize.js/-/filesize.js-2.0.0.tgz",
      "integrity": "sha512-dOngzfsRfjwTQkG3UPY3GI+OqbBj4mO1UW1FoDYN2SF/p7hACKXHKGjgA62ug4KtORXcXdlEKOXrgfzt+qB2Nw=="
    },
    "node_modules/lodash.camelcase": {
      "version": "4.3.0",
      "resolved": "https://registry.npmjs.org/lodash.camelcase/-/lodash.camelcase-4.3.0.tgz",
      "integrity": "sha512-TwuEnCnxbc3rAvhf/LbG7tJUDzhqXyFnv3dtzLOPgCG/hODL7WFnsbwktkD7yUV0RrreP/l1PALq/YSg6VvjlA=="
    },
    "node_modules/lodash.capitalize": {
      "version": "4.2.1",
      "resolved": "https://registry.npmjs.org/lodash.capitalize/-/lodash.capitalize-4.2.1.tgz",
      "integrity": "sha512-kZzYOKspf8XVX5AvmQF94gQW0lejFVgb80G85bU4ZWzoJ6C03PQg3coYAUpSTpQWelrZELd3XWgHzw4Ck5kaIw=="
    },
    "node_modules/lodash.clonedeep": {
      "version": "4.5.0",
      "resolved": "https://registry.npmjs.org/lodash.clonedeep/-/lodash.clonedeep-4.5.0.tgz",
      "integrity": "sha512-H5ZhCF25riFd9uB5UCkVKo61m3S/xZk1x4wA6yp/L3RFP6Z/eHH1ymQcGLo7J3GMPfm0V/7m1tryHuGVxpqEBQ=="
    },
    "node_modules/lodash.isboolean": {
      "version": "3.0.3",
      "resolved": "https://registry.npmjs.org/lodash.isboolean/-/lodash.isboolean-3.0.3.tgz",
      "integrity": "sha512-Bz5mupy2SVbPHURB98VAcw+aHh4vRV5IPNhILUCsOzRmsTmSQ17jIuqopAentWoehktxGd9e/hbIXq980/1QJg=="
    },
    "node_modules/lodash.isdate": {
      "version": "4.0.1",
      "resolved": "https://registry.npmjs.org/lodash.isdate/-/lodash.isdate-4.0.1.tgz",
      "integrity": "sha512-hg5B1GD+R9egsBgMwmAhk+V53Us03TVvXT4dnyKugEfsD4QKuG9Wlyvxq8OGy2nu7qVGsh4DRSnMk33hoWBq/Q=="
    },
    "node_modules/lodash.isempty": {
      "version": "4.4.0",
      "resolved": "https://registry.npmjs.org/lodash.isempty/-/lodash.isempty-4.4.0.tgz",
      "integrity": "sha512-oKMuF3xEeqDltrGMfDxAPGIVMSSRv8tbRSODbrs4KGsRRLEhrW8N8Rd4DRgB2+621hY8A8XwwrTVhXWpxFvMzg=="
    },
    "node_modules/lodash.isequal": {
      "version": "4.5.0",
      "resolved": "https://registry.npmjs.org/lodash.isequal/-/lodash.isequal-4.5.0.tgz",
      "integrity": "sha512-pDo3lu8Jhfjqls6GkMgpahsF9kCyayhgykjyLMNFTKWrpVdAQtYyB4muAMWozBB4ig/dtWAmsMxLEI8wuz+DYQ=="
    },
    "node_modules/lodash.isfunction": {
      "version": "3.0.9",
      "resolved": "https://registry.npmjs.org/lodash.isfunction/-/lodash.isfunction-3.0.9.tgz",
      "integrity": "sha512-AirXNj15uRIMMPihnkInB4i3NHeb4iBtNg9WRWuK2o31S+ePwwNmDPaTL3o7dTJ+VXNZim7rFs4rxN4YU1oUJw=="
    },
    "node_modules/lodash.isnan": {
      "version": "3.0.2",
      "resolved": "https://registry.npmjs.org/lodash.isnan/-/lodash.isnan-3.0.2.tgz",
      "integrity": "sha512-zduioV6njyRsie8qtuS85u7B8xJWi3HjUc1klVoRdeghA5prG13xbUNNcCJ1Cxwa4FyjJVnkL5hDopCVh2ng4g=="
    },
    "node_modules/lodash.isnil": {
      "version": "4.0.0",
      "resolved": "https://registry.npmjs.org/lodash.isnil/-/lodash.isnil-4.0.0.tgz",
      "integrity": "sha512-up2Mzq3545mwVnMhTDMdfoG1OurpA/s5t88JmQX809eH3C8491iu2sfKhTfhQtKY78oPNhiaHJUpT/dUDAAtng=="
    },
    "node_modules/lodash.isnumber": {
      "version": "3.0.3",
      "resolved": "https://registry.npmjs.org/lodash.isnumber/-/lodash.isnumber-3.0.3.tgz",
      "integrity": "sha512-QYqzpfwO3/CWf3XP+Z+tkQsfaLL/EnUlXWVkIk5FUPc4sBdTehEqZONuyRt2P67PXAk+NXmTBcc97zw9t1FQrw=="
    },
    "node_modules/lodash.isobject": {
      "version": "3.0.2",
      "resolved": "https://registry.npmjs.org/lodash.isobject/-/lodash.isobject-3.0.2.tgz",
      "integrity": "sha512-3/Qptq2vr7WeJbB4KHUSKlq8Pl7ASXi3UG6CMbBm8WRtXi8+GHm7mKaU3urfpSEzWe2wCIChs6/sdocUsTKJiA=="
    },
    "node_modules/lodash.isstring": {
      "version": "4.0.1",
      "resolved": "https://registry.npmjs.org/lodash.isstring/-/lodash.isstring-4.0.1.tgz",
      "integrity": "sha512-0wJxfxH1wgO3GrbuP+dTTk7op+6L41QCXbGINEmD+ny/G/eCqGzxyCsh7159S+mgDDcoarnBw6PC1PS5+wUGgw=="
    },
    "node_modules/lodash.padstart": {
      "version": "4.6.1",
      "resolved": "https://registry.npmjs.org/lodash.padstart/-/lodash.padstart-4.6.1.tgz",
      "integrity": "sha512-sW73O6S8+Tg66eY56DBk85aQzzUJDtpoXFBgELMd5P/SotAguo+1kYO6RuYgXxA4HJH3LFTFPASX6ET6bjfriw=="
    },
    "node_modules/lodash.round": {
      "version": "4.0.4",
      "resolved": "https://registry.npmjs.org/lodash.round/-/lodash.round-4.0.4.tgz",
      "integrity": "sha512-dzDLNwFMXbjN1pEC0LgLPKVOI5o2DOpBx+oGxWthVE+a9mlV3rEdvoz2i3se/ico4Y3G62Yg3/e1fcp/GMu2lQ=="
    },
    "node_modules/lodash.upperfirst": {
      "version": "4.3.1",
      "resolved": "https://registry.npmjs.org/lodash.upperfirst/-/lodash.upperfirst-4.3.1.tgz",
      "integrity": "sha512-sReKOYJIJf74dhJONhU4e0/shzi1trVbSWDOhKYE5XV2O+H7Sb2Dihwuc7xWxVl+DgFPyTqIN3zMfT9cq5iWDg=="
    },
    "node_modules/lottie-colorify": {
      "version": "0.8.0",
      "resolved": "https://registry.npmjs.org/lottie-colorify/-/lottie-colorify-0.8.0.tgz",
      "integrity": "sha512-xvaKRYiRMR5wWgUksZ2LsUOkQILhVnAPAUPmYSTjGMOK1m1DOHOyzYSfCKZBURiqhFb+VokkHfMWDKg3ffCXTw==",
      "dependencies": {
        "@types/lodash.clonedeep": "^4.5.6",
        "lodash.clonedeep": "^4.5.0"
      }
    },
    "node_modules/lottie-web": {
      "version": "5.8.1",
      "resolved": "https://registry.npmjs.org/lottie-web/-/lottie-web-5.8.1.tgz",
      "integrity": "sha512-9gIizWADlaHC2GCt+D+yNpk5l2clZQFqnVWWIVdY0LnxC/uLa39dYltAe3fcmC/hrZ2IUQ8dLlY0O934Npjs7Q=="
    },
    "node_modules/luxon": {
      "version": "3.4.3",
      "resolved": "https://registry.npmjs.org/luxon/-/luxon-3.4.3.tgz",
      "integrity": "sha512-tFWBiv3h7z+T/tDaoxA8rqTxy1CHV6gHS//QdaH4pulbq/JuBSGgQspQQqcgnwdAx6pNI7cmvz5Sv/addzHmUg==",
      "engines": {
        "node": ">=12"
      }
    },
    "node_modules/tslib": {
      "version": "2.6.2",
      "resolved": "https://registry.npmjs.org/tslib/-/tslib-2.6.2.tgz",
      "integrity": "sha512-AEYxH93jGFPn/a2iVAwW87VuUIkR1FVUKB77NwMF7nBTDkDrrT/Hpt/IrCJ0QXhW27jTBDcf5ZY7w6RiqTMw2Q=="
    }
  },
  "dependencies": {
    "@baloise/design-system-brand-icons": {
      "version": "14.1.0",
      "resolved": "https://registry.npmjs.org/@baloise/design-system-brand-icons/-/design-system-brand-icons-14.1.0.tgz",
      "integrity": "sha512-jxEiHNhFoHqxp4k4ZOZMYfTekk9ddTVEjMYW6CrYxS4kJuw4ZeAa0wvzZNzYFyyXgwO/NvIkenkY2pRxhIQimA=="
    },
    "@baloise/design-system-components": {
      "version": "14.1.0",
      "resolved": "https://registry.npmjs.org/@baloise/design-system-components/-/design-system-components-14.1.0.tgz",
      "integrity": "sha512-aG3pg4o36YR0VaNk7s85g7SFnJoPIDbpIKlt5sj5aBVPNRjMz5IlJ6ioJH2iXVl9y+q5h8xPab2SU7ptW5vDJQ==",
      "requires": {
        "@baloise/design-system-css": "14.1.0",
        "@baloise/design-system-fonts": "14.1.0",
        "@baloise/design-system-icons": "14.1.0",
        "@baloise/design-system-tokens": "14.1.0",
        "@baloise/web-app-utils": "3.11.2",
        "@floating-ui/dom": "^1.5.1",
        "@popperjs/core": "~2.11.4",
        "@stencil/core": "^3.2.2",
        "@types/luxon": "^3.3.0",
        "big.js": "~6.2.1",
        "contactjs": "2.1.6",
        "date-fns": "~2.29.3",
        "filesize.js": "~2.0.0",
        "lodash.camelcase": "~4.3.0",
        "lodash.capitalize": "~4.2.1",
        "lodash.isempty": "~4.4.0",
        "lodash.isfunction": "^3.0.9",
        "lodash.isnan": "~3.0.2",
        "lodash.isnil": "~4.0.0",
        "lodash.isstring": "~4.0.1",
        "lodash.padstart": "~4.6.1",
        "lodash.round": "~4.0.4",
        "lodash.upperfirst": "~4.3.1",
        "lottie-colorify": "0.8.0",
        "lottie-web": "5.8.1",
        "luxon": "^3.3.0",
        "tslib": "^2.1.0"
      }
    },
    "@baloise/design-system-css": {
      "version": "14.1.0",
      "resolved": "https://registry.npmjs.org/@baloise/design-system-css/-/design-system-css-14.1.0.tgz",
      "integrity": "sha512-hJ8mMbdOGlAXn+xHl3jPQwfP/1h3TpM8z1C4fNOjz1hEGG3sevKEwBWXurozA2zM0dagJbzJWwsgo18Ljanqaw==",
      "requires": {
        "@baloise/design-system-fonts": "14.1.0",
        "@baloise/design-system-tokens": "14.1.0"
      }
    },
    "@baloise/design-system-fonts": {
      "version": "14.1.0",
      "resolved": "https://registry.npmjs.org/@baloise/design-system-fonts/-/design-system-fonts-14.1.0.tgz",
      "integrity": "sha512-J8+DddwvI4nmuxhyb12wgE1bL1DV0PVRZYhb4vNmLhzzjldjJ2sh44RaewhCTFLASCNUluneiN0gjOcals6WoA=="
    },
    "@baloise/design-system-icons": {
      "version": "14.1.0",
      "resolved": "https://registry.npmjs.org/@baloise/design-system-icons/-/design-system-icons-14.1.0.tgz",
      "integrity": "sha512-NjiSd1P97WL1OPX0HtzE42WIJbQIqeHz1n1I1HbljLsGKCiLZEnWL4o6+GOoNCBEj+Xt3qPJEq6ysrryNJjtRQ=="
    },
    "@baloise/design-system-tokens": {
      "version": "14.1.0",
      "resolved": "https://registry.npmjs.org/@baloise/design-system-tokens/-/design-system-tokens-14.1.0.tgz",
      "integrity": "sha512-Qlaaf4KZlHqC15e0TFNg6aQtbR32ekoUTXWN27jfOjLanaKvWRwJ3874DIDH37QNd6S5S0u3gNIX2gfOaVnpRg=="
    },
    "@baloise/web-app-utils": {
      "version": "3.11.2",
      "resolved": "https://registry.npmjs.org/@baloise/web-app-utils/-/web-app-utils-3.11.2.tgz",
      "integrity": "sha512-fgHv6p3EPbuYYanIvwTHAhx3Rj8mNYsIMKH5KRvbziYPauVrv+gbd9SWyXsxKO9Po13lMRcwExAh7rs+fNH2nA==",
      "requires": {
        "date-fns": "^2.28.0",
        "lodash.camelcase": "^4.3.0",
        "lodash.isboolean": "^3.0.3",
        "lodash.isdate": "^4.0.1",
        "lodash.isequal": "^4.5.0",
        "lodash.isnan": "^3.0.2",
        "lodash.isnil": "^4.0.0",
        "lodash.isnumber": "^3.0.3",
        "lodash.isobject": "^3.0.2",
        "lodash.isstring": "^4.0.1",
        "lodash.padstart": "^4.6.1",
        "lodash.upperfirst": "^4.3.1"
      }
    },
    "@floating-ui/core": {
      "version": "1.5.0",
      "resolved": "https://registry.npmjs.org/@floating-ui/core/-/core-1.5.0.tgz",
      "integrity": "sha512-kK1h4m36DQ0UHGj5Ah4db7R0rHemTqqO0QLvUqi1/mUUp3LuAWbWxdxSIf/XsnH9VS6rRVPLJCncjRzUvyCLXg==",
      "requires": {
        "@floating-ui/utils": "^0.1.3"
      }
    },
    "@floating-ui/dom": {
      "version": "1.5.3",
      "resolved": "https://registry.npmjs.org/@floating-ui/dom/-/dom-1.5.3.tgz",
      "integrity": "sha512-ClAbQnEqJAKCJOEbbLo5IUlZHkNszqhuxS4fHAVxRPXPya6Ysf2G8KypnYcOTpx6I8xcgF9bbHb6g/2KpbV8qA==",
      "requires": {
        "@floating-ui/core": "^1.4.2",
        "@floating-ui/utils": "^0.1.3"
      }
    },
    "@floating-ui/utils": {
      "version": "0.1.4",
      "resolved": "https://registry.npmjs.org/@floating-ui/utils/-/utils-0.1.4.tgz",
      "integrity": "sha512-qprfWkn82Iw821mcKofJ5Pk9wgioHicxcQMxx+5zt5GSKoqdWvgG5AxVmpmUUjzTLPVSH5auBrhI93Deayn/DA=="
    },
    "@popperjs/core": {
      "version": "2.11.8",
      "resolved": "https://registry.npmjs.org/@popperjs/core/-/core-2.11.8.tgz",
      "integrity": "sha512-P1st0aksCrn9sGZhp8GMYwBnQsbvAWsZAX44oXNNvLHGqAOcoVxmjZiohstwQ7SqKnbR47akdNi+uleWD8+g6A=="
    },
    "@stencil/core": {
      "version": "3.4.2",
      "resolved": "https://registry.npmjs.org/@stencil/core/-/core-3.4.2.tgz",
      "integrity": "sha512-FAUhUVaakCy29nU2GwO/HQBRV1ihPRvncz3PUc8oR+UJLAxGabTmP8PLY7wvHfbw+Cvi4VXfJFTBvdfDu6iKPQ=="
    },
    "@types/lodash": {
      "version": "4.14.199",
      "resolved": "https://registry.npmjs.org/@types/lodash/-/lodash-4.14.199.tgz",
      "integrity": "sha512-Vrjz5N5Ia4SEzWWgIVwnHNEnb1UE1XMkvY5DGXrAeOGE9imk0hgTHh5GyDjLDJi9OTCn9oo9dXH1uToK1VRfrg=="
    },
    "@types/lodash.clonedeep": {
      "version": "4.5.8",
      "resolved": "https://registry.npmjs.org/@types/lodash.clonedeep/-/lodash.clonedeep-4.5.8.tgz",
      "integrity": "sha512-I5toZLLfTvhnuAnejjVgSpBSLSC316bVURbI0sCYI0dKY3jaJgOg2arfPC6miTNnHRi/Tk/J6BB+kzT3iB5mcw==",
      "requires": {
        "@types/lodash": "*"
      }
    },
    "@types/luxon": {
      "version": "3.3.3",
      "resolved": "https://registry.npmjs.org/@types/luxon/-/luxon-3.3.3.tgz",
      "integrity": "sha512-/BJF3NT0pRMuxrenr42emRUF67sXwcZCd+S1ksG/Fcf9O7C3kKCY4uJSbKBE4KDUIYr3WMsvfmWD8hRjXExBJQ=="
    },
    "big.js": {
      "version": "6.2.1",
      "resolved": "https://registry.npmjs.org/big.js/-/big.js-6.2.1.tgz",
      "integrity": "sha512-bCtHMwL9LeDIozFn+oNhhFoq+yQ3BNdnsLSASUxLciOb1vgvpHsIO1dsENiGMgbb4SkP5TrzWzRiLddn8ahVOQ=="
    },
    "contactjs": {
      "version": "2.1.6",
      "resolved": "https://registry.npmjs.org/contactjs/-/contactjs-2.1.6.tgz",
      "integrity": "sha512-zaI9yCFNbY41bOb8amvvkED8QO41yGNCPfGhRjT65G+GPh6lEZzVYR8+GpvXpaC/X7+BhnlTiqPdz31R68ka8Q=="
    },
    "date-fns": {
      "version": "2.29.3",
      "resolved": "https://registry.npmjs.org/date-fns/-/date-fns-2.29.3.tgz",
      "integrity": "sha512-dDCnyH2WnnKusqvZZ6+jA1O51Ibt8ZMRNkDZdyAyK4YfbDwa/cEmuztzG5pk6hqlp9aSBPYcjOlktquahGwGeA=="
    },
    "filesize.js": {
      "version": "2.0.0",
      "resolved": "https://registry.npmjs.org/filesize.js/-/filesize.js-2.0.0.tgz",
      "integrity": "sha512-dOngzfsRfjwTQkG3UPY3GI+OqbBj4mO1UW1FoDYN2SF/p7hACKXHKGjgA62ug4KtORXcXdlEKOXrgfzt+qB2Nw=="
    },
    "lodash.camelcase": {
      "version": "4.3.0",
      "resolved": "https://registry.npmjs.org/lodash.camelcase/-/lodash.camelcase-4.3.0.tgz",
      "integrity": "sha512-TwuEnCnxbc3rAvhf/LbG7tJUDzhqXyFnv3dtzLOPgCG/hODL7WFnsbwktkD7yUV0RrreP/l1PALq/YSg6VvjlA=="
    },
    "lodash.capitalize": {
      "version": "4.2.1",
      "resolved": "https://registry.npmjs.org/lodash.capitalize/-/lodash.capitalize-4.2.1.tgz",
      "integrity": "sha512-kZzYOKspf8XVX5AvmQF94gQW0lejFVgb80G85bU4ZWzoJ6C03PQg3coYAUpSTpQWelrZELd3XWgHzw4Ck5kaIw=="
    },
    "lodash.clonedeep": {
      "version": "4.5.0",
      "resolved": "https://registry.npmjs.org/lodash.clonedeep/-/lodash.clonedeep-4.5.0.tgz",
      "integrity": "sha512-H5ZhCF25riFd9uB5UCkVKo61m3S/xZk1x4wA6yp/L3RFP6Z/eHH1ymQcGLo7J3GMPfm0V/7m1tryHuGVxpqEBQ=="
    },
    "lodash.isboolean": {
      "version": "3.0.3",
      "resolved": "https://registry.npmjs.org/lodash.isboolean/-/lodash.isboolean-3.0.3.tgz",
      "integrity": "sha512-Bz5mupy2SVbPHURB98VAcw+aHh4vRV5IPNhILUCsOzRmsTmSQ17jIuqopAentWoehktxGd9e/hbIXq980/1QJg=="
    },
    "lodash.isdate": {
      "version": "4.0.1",
      "resolved": "https://registry.npmjs.org/lodash.isdate/-/lodash.isdate-4.0.1.tgz",
      "integrity": "sha512-hg5B1GD+R9egsBgMwmAhk+V53Us03TVvXT4dnyKugEfsD4QKuG9Wlyvxq8OGy2nu7qVGsh4DRSnMk33hoWBq/Q=="
    },
    "lodash.isempty": {
      "version": "4.4.0",
      "resolved": "https://registry.npmjs.org/lodash.isempty/-/lodash.isempty-4.4.0.tgz",
      "integrity": "sha512-oKMuF3xEeqDltrGMfDxAPGIVMSSRv8tbRSODbrs4KGsRRLEhrW8N8Rd4DRgB2+621hY8A8XwwrTVhXWpxFvMzg=="
    },
    "lodash.isequal": {
      "version": "4.5.0",
      "resolved": "https://registry.npmjs.org/lodash.isequal/-/lodash.isequal-4.5.0.tgz",
      "integrity": "sha512-pDo3lu8Jhfjqls6GkMgpahsF9kCyayhgykjyLMNFTKWrpVdAQtYyB4muAMWozBB4ig/dtWAmsMxLEI8wuz+DYQ=="
    },
    "lodash.isfunction": {
      "version": "3.0.9",
      "resolved": "https://registry.npmjs.org/lodash.isfunction/-/lodash.isfunction-3.0.9.tgz",
      "integrity": "sha512-AirXNj15uRIMMPihnkInB4i3NHeb4iBtNg9WRWuK2o31S+ePwwNmDPaTL3o7dTJ+VXNZim7rFs4rxN4YU1oUJw=="
    },
    "lodash.isnan": {
      "version": "3.0.2",
      "resolved": "https://registry.npmjs.org/lodash.isnan/-/lodash.isnan-3.0.2.tgz",
      "integrity": "sha512-zduioV6njyRsie8qtuS85u7B8xJWi3HjUc1klVoRdeghA5prG13xbUNNcCJ1Cxwa4FyjJVnkL5hDopCVh2ng4g=="
    },
    "lodash.isnil": {
      "version": "4.0.0",
      "resolved": "https://registry.npmjs.org/lodash.isnil/-/lodash.isnil-4.0.0.tgz",
      "integrity": "sha512-up2Mzq3545mwVnMhTDMdfoG1OurpA/s5t88JmQX809eH3C8491iu2sfKhTfhQtKY78oPNhiaHJUpT/dUDAAtng=="
    },
    "lodash.isnumber": {
      "version": "3.0.3",
      "resolved": "https://registry.npmjs.org/lodash.isnumber/-/lodash.isnumber-3.0.3.tgz",
      "integrity": "sha512-QYqzpfwO3/CWf3XP+Z+tkQsfaLL/EnUlXWVkIk5FUPc4sBdTehEqZONuyRt2P67PXAk+NXmTBcc97zw9t1FQrw=="
    },
    "lodash.isobject": {
      "version": "3.0.2",
      "resolved": "https://registry.npmjs.org/lodash.isobject/-/lodash.isobject-3.0.2.tgz",
      "integrity": "sha512-3/Qptq2vr7WeJbB4KHUSKlq8Pl7ASXi3UG6CMbBm8WRtXi8+GHm7mKaU3urfpSEzWe2wCIChs6/sdocUsTKJiA=="
    },
    "lodash.isstring": {
      "version": "4.0.1",
      "resolved": "https://registry.npmjs.org/lodash.isstring/-/lodash.isstring-4.0.1.tgz",
      "integrity": "sha512-0wJxfxH1wgO3GrbuP+dTTk7op+6L41QCXbGINEmD+ny/G/eCqGzxyCsh7159S+mgDDcoarnBw6PC1PS5+wUGgw=="
    },
    "lodash.padstart": {
      "version": "4.6.1",
      "resolved": "https://registry.npmjs.org/lodash.padstart/-/lodash.padstart-4.6.1.tgz",
      "integrity": "sha512-sW73O6S8+Tg66eY56DBk85aQzzUJDtpoXFBgELMd5P/SotAguo+1kYO6RuYgXxA4HJH3LFTFPASX6ET6bjfriw=="
    },
    "lodash.round": {
      "version": "4.0.4",
      "resolved": "https://registry.npmjs.org/lodash.round/-/lodash.round-4.0.4.tgz",
      "integrity": "sha512-dzDLNwFMXbjN1pEC0LgLPKVOI5o2DOpBx+oGxWthVE+a9mlV3rEdvoz2i3se/ico4Y3G62Yg3/e1fcp/GMu2lQ=="
    },
    "lodash.upperfirst": {
      "version": "4.3.1",
      "resolved": "https://registry.npmjs.org/lodash.upperfirst/-/lodash.upperfirst-4.3.1.tgz",
      "integrity": "sha512-sReKOYJIJf74dhJONhU4e0/shzi1trVbSWDOhKYE5XV2O+H7Sb2Dihwuc7xWxVl+DgFPyTqIN3zMfT9cq5iWDg=="
    },
    "lottie-colorify": {
      "version": "0.8.0",
      "resolved": "https://registry.npmjs.org/lottie-colorify/-/lottie-colorify-0.8.0.tgz",
      "integrity": "sha512-xvaKRYiRMR5wWgUksZ2LsUOkQILhVnAPAUPmYSTjGMOK1m1DOHOyzYSfCKZBURiqhFb+VokkHfMWDKg3ffCXTw==",
      "requires": {
        "@types/lodash.clonedeep": "^4.5.6",
        "lodash.clonedeep": "^4.5.0"
      }
    },
    "lottie-web": {
      "version": "5.8.1",
      "resolved": "https://registry.npmjs.org/lottie-web/-/lottie-web-5.8.1.tgz",
      "integrity": "sha512-9gIizWADlaHC2GCt+D+yNpk5l2clZQFqnVWWIVdY0LnxC/uLa39dYltAe3fcmC/hrZ2IUQ8dLlY0O934Npjs7Q=="
    },
    "luxon": {
      "version": "3.4.3",
      "resolved": "https://registry.npmjs.org/luxon/-/luxon-3.4.3.tgz",
      "integrity": "sha512-tFWBiv3h7z+T/tDaoxA8rqTxy1CHV6gHS//QdaH4pulbq/JuBSGgQspQQqcgnwdAx6pNI7cmvz5Sv/addzHmUg=="
    },
    "tslib": {
      "version": "2.6.2",
      "resolved": "https://registry.npmjs.org/tslib/-/tslib-2.6.2.tgz",
      "integrity": "sha512-AEYxH93jGFPn/a2iVAwW87VuUIkR1FVUKB77NwMF7nBTDkDrrT/Hpt/IrCJ0QXhW27jTBDcf5ZY7w6RiqTMw2Q=="
    }
  }
}
